PODS:
  - LicensesKit (0.2.0):
    - StringBuilder (= 0.1.0)
  - StringBuilder (0.1.0)

DEPENDENCIES:
  - LicensesKit (from `https://github.com/mattwyskiel/LicensesKit.git`)

EXTERNAL SOURCES:
  LicensesKit:
    :git: https://github.com/mattwyskiel/LicensesKit.git

CHECKOUT OPTIONS:
  LicensesKit:
    :commit: 28ecb8012081328b36e35d07c014dbf4e79fa28c
    :git: https://github.com/mattwyskiel/LicensesKit.git

SPEC CHECKSUMS:
  LicensesKit: e795cc1cd3fba70b43d4e9931880ca2703bb83da
  StringBuilder: e47be1c725272a39ee54f9225e081f3d752403a5

COCOAPODS: 0.38.0
