// !$*UTF8*$!
{
	archiveVersion = 1;
	classes = {
	};
	objectVersion = 46;
	objects = {

/* Begin PBXBuildFile section */
		BCB0FC541CC8F4E40041596E /* LicensesKitFramework.h in Headers */ = {isa = PBXBuildFile; fileRef = BCB0FC531CC8F4E40041596E /* LicensesKitFramework.h */; settings = {ATTRIBUTES = (Public, ); }; };
		BCB0FC821CC90D170041596E /* LicensesViewController.swift in Sources */ = {isa = PBXBuildFile; fileRef = BCB0FC5B1CC90D170041596E /* LicensesViewController.swift */; };
		BCB0FC831CC90D170041596E /* LicenseResolver.swift in Sources */ = {isa = PBXBuildFile; fileRef = BCB0FC5D1CC90D170041596E /* LicenseResolver.swift */; };
		BCB0FC841CC90D170041596E /* ApacheSoftwareLicense20.swift in Sources */ = {isa = PBXBuildFile; fileRef = BCB0FC5F1CC90D170041596E /* ApacheSoftwareLicense20.swift */; };
		BCB0FC851CC90D170041596E /* BSD3ClauseLicense.swift in Sources */ = {isa = PBXBuildFile; fileRef = BCB0FC601CC90D170041596E /* BSD3ClauseLicense.swift */; };
		BCB0FC861CC90D170041596E /* CreativeCommonsAttributionNoDerivs30Unported.swift in Sources */ = {isa = PBXBuildFile; fileRef = BCB0FC611CC90D170041596E /* CreativeCommonsAttributionNoDerivs30Unported.swift */; };
		BCB0FC871CC90D170041596E /* CustomLicense.swift in Sources */ = {isa = PBXBuildFile; fileRef = BCB0FC621CC90D170041596E /* CustomLicense.swift */; };
		BCB0FC881CC90D170041596E /* GnuGeneralPublicLicense20.swift in Sources */ = {isa = PBXBuildFile; fileRef = BCB0FC631CC90D170041596E /* GnuGeneralPublicLicense20.swift */; };
		BCB0FC891CC90D170041596E /* GnuGeneralPublicLicense30.swift in Sources */ = {isa = PBXBuildFile; fileRef = BCB0FC641CC90D170041596E /* GnuGeneralPublicLicense30.swift */; };
		BCB0FC8A1CC90D170041596E /* GnuLesserGeneralPublicLicense21.swift in Sources */ = {isa = PBXBuildFile; fileRef = BCB0FC651CC90D170041596E /* GnuLesserGeneralPublicLicense21.swift */; };
		BCB0FC8B1CC90D170041596E /* ISCLicense.swift in Sources */ = {isa = PBXBuildFile; fileRef = BCB0FC661CC90D170041596E /* ISCLicense.swift */; };
		BCB0FC8C1CC90D170041596E /* License.swift in Sources */ = {isa = PBXBuildFile; fileRef = BCB0FC671CC90D170041596E /* License.swift */; };
		BCB0FC8D1CC90D170041596E /* MITLicense.swift in Sources */ = {isa = PBXBuildFile; fileRef = BCB0FC681CC90D170041596E /* MITLicense.swift */; };
		BCB0FC8E1CC90D170041596E /* MozillaPublicLicense20.swift in Sources */ = {isa = PBXBuildFile; fileRef = BCB0FC691CC90D170041596E /* MozillaPublicLicense20.swift */; };
		BCB0FC8F1CC90D170041596E /* Notice.swift in Sources */ = {isa = PBXBuildFile; fileRef = BCB0FC6A1CC90D170041596E /* Notice.swift */; };
		BCB0FC901CC90D170041596E /* NoticesHtmlBuilder.swift in Sources */ = {isa = PBXBuildFile; fileRef = BCB0FC6B1CC90D170041596E /* NoticesHtmlBuilder.swift */; };
		BCB0FC911CC90D170041596E /* Info.plist in Resources */ = {isa = PBXBuildFile; fileRef = BCB0FC6D1CC90D170041596E /* Info.plist */; };
		BCB0FC921CC90D170041596E /* asl_20_full.txt in Resources */ = {isa = PBXBuildFile; fileRef = BCB0FC6F1CC90D170041596E /* asl_20_full.txt */; };
		BCB0FC931CC90D170041596E /* asl_20_summary.txt in Resources */ = {isa = PBXBuildFile; fileRef = BCB0FC701CC90D170041596E /* asl_20_summary.txt */; };
		BCB0FC941CC90D170041596E /* bsd3_full.txt in Resources */ = {isa = PBXBuildFile; fileRef = BCB0FC711CC90D170041596E /* bsd3_full.txt */; };
		BCB0FC951CC90D170041596E /* bsd3_summary.txt in Resources */ = {isa = PBXBuildFile; fileRef = BCB0FC721CC90D170041596E /* bsd3_summary.txt */; };
		BCB0FC961CC90D170041596E /* ccand_30_full.txt in Resources */ = {isa = PBXBuildFile; fileRef = BCB0FC731CC90D170041596E /* ccand_30_full.txt */; };
		BCB0FC971CC90D170041596E /* ccand_30_summary.txt in Resources */ = {isa = PBXBuildFile; fileRef = BCB0FC741CC90D170041596E /* ccand_30_summary.txt */; };
		BCB0FC981CC90D170041596E /* gpl_20_full.txt in Resources */ = {isa = PBXBuildFile; fileRef = BCB0FC751CC90D170041596E /* gpl_20_full.txt */; };
		BCB0FC991CC90D170041596E /* gpl_20_summary.txt in Resources */ = {isa = PBXBuildFile; fileRef = BCB0FC761CC90D170041596E /* gpl_20_summary.txt */; };
		BCB0FC9A1CC90D170041596E /* gpl_30_full.txt in Resources */ = {isa = PBXBuildFile; fileRef = BCB0FC771CC90D170041596E /* gpl_30_full.txt */; };
		BCB0FC9B1CC90D170041596E /* gpl_30_summary.txt in Resources */ = {isa = PBXBuildFile; fileRef = BCB0FC781CC90D170041596E /* gpl_30_summary.txt */; };
		BCB0FC9C1CC90D170041596E /* isc_full.txt in Resources */ = {isa = PBXBuildFile; fileRef = BCB0FC791CC90D170041596E /* isc_full.txt */; };
		BCB0FC9D1CC90D170041596E /* isc_summary.txt in Resources */ = {isa = PBXBuildFile; fileRef = BCB0FC7A1CC90D170041596E /* isc_summary.txt */; };
		BCB0FC9E1CC90D170041596E /* lgpl_21_full.txt in Resources */ = {isa = PBXBuildFile; fileRef = BCB0FC7B1CC90D170041596E /* lgpl_21_full.txt */; };
		BCB0FC9F1CC90D170041596E /* lgpl_21_summary.txt in Resources */ = {isa = PBXBuildFile; fileRef = BCB0FC7C1CC90D170041596E /* lgpl_21_summary.txt */; };
		BCB0FCA01CC90D170041596E /* mit_full.txt in Resources */ = {isa = PBXBuildFile; fileRef = BCB0FC7D1CC90D170041596E /* mit_full.txt */; };
		BCB0FCA11CC90D170041596E /* mit_summary.txt in Resources */ = {isa = PBXBuildFile; fileRef = BCB0FC7E1CC90D170041596E /* mit_summary.txt */; };
		BCB0FCA21CC90D170041596E /* mpl_20_full.txt in Resources */ = {isa = PBXBuildFile; fileRef = BCB0FC7F1CC90D170041596E /* mpl_20_full.txt */; };
		BCB0FCA31CC90D170041596E /* mpl_20_summary.txt in Resources */ = {isa = PBXBuildFile; fileRef = BCB0FC801CC90D170041596E /* mpl_20_summary.txt */; };
		BCB0FCA41CC90D170041596E /* Notices.json in Resources */ = {isa = PBXBuildFile; fileRef = BCB0FC811CC90D170041596E /* Notices.json */; };
		BCB0FCA71CC90DC30041596E /* StringBuilder.framework in Frameworks */ = {isa = PBXBuildFile; fileRef = BCB0FCA61CC90DC30041596E /* StringBuilder.framework */; };
/* End PBXBuildFile section */

/* Begin PBXFileReference section */
		BCB0FC501CC8F4E40041596E /* LicensesKitFramework.framework */ = {isa = PBXFileReference; explicitFileType = wrapper.framework; includeInIndex = 0; path = LicensesKitFramework.framework; sourceTree = BUILT_PRODUCTS_DIR; };
		BCB0FC531CC8F4E40041596E /* LicensesKitFramework.h */ = {isa = PBXFileReference; lastKnownFileType = sourcecode.c.h; path = LicensesKitFramework.h; sourceTree = "<group>"; };
		BCB0FC551CC8F4E40041596E /* Info.plist */ = {isa = PBXFileReference; lastKnownFileType = text.plist.xml; path = Info.plist; sourceTree = "<group>"; };
		BCB0FC5B1CC90D170041596E /* LicensesViewController.swift */ = {isa = PBXFileReference; fileEncoding = 4; lastKnownFileType = sourcecode.swift; name = LicensesViewController.swift; path = ../../LicensesKit/LicensesViewController.swift; sourceTree = "<group>"; };
		BCB0FC5D1CC90D170041596E /* LicenseResolver.swift */ = {isa = PBXFileReference; fileEncoding = 4; lastKnownFileType = sourcecode.swift; path = LicenseResolver.swift; sourceTree = "<group>"; };
		BCB0FC5F1CC90D170041596E /* ApacheSoftwareLicense20.swift */ = {isa = PBXFileReference; fileEncoding = 4; lastKnownFileType = sourcecode.swift; path = ApacheSoftwareLicense20.swift; sourceTree = "<group>"; };
		BCB0FC601CC90D170041596E /* BSD3ClauseLicense.swift */ = {isa = PBXFileReference; fileEncoding = 4; lastKnownFileType = sourcecode.swift; path = BSD3ClauseLicense.swift; sourceTree = "<group>"; };
		BCB0FC611CC90D170041596E /* CreativeCommonsAttributionNoDerivs30Unported.swift */ = {isa = PBXFileReference; fileEncoding = 4; lastKnownFileType = sourcecode.swift; path = CreativeCommonsAttributionNoDerivs30Unported.swift; sourceTree = "<group>"; };
		BCB0FC621CC90D170041596E /* CustomLicense.swift */ = {isa = PBXFileReference; fileEncoding = 4; lastKnownFileType = sourcecode.swift; path = CustomLicense.swift; sourceTree = "<group>"; };
		BCB0FC631CC90D170041596E /* GnuGeneralPublicLicense20.swift */ = {isa = PBXFileReference; fileEncoding = 4; lastKnownFileType = sourcecode.swift; path = GnuGeneralPublicLicense20.swift; sourceTree = "<group>"; };
		BCB0FC641CC90D170041596E /* GnuGeneralPublicLicense30.swift */ = {isa = PBXFileReference; fileEncoding = 4; lastKnownFileType = sourcecode.swift; path = GnuGeneralPublicLicense30.swift; sourceTree = "<group>"; };
		BCB0FC651CC90D170041596E /* GnuLesserGeneralPublicLicense21.swift */ = {isa = PBXFileReference; fileEncoding = 4; lastKnownFileType = sourcecode.swift; path = GnuLesserGeneralPublicLicense21.swift; sourceTree = "<group>"; };
		BCB0FC661CC90D170041596E /* ISCLicense.swift */ = {isa = PBXFileReference; fileEncoding = 4; lastKnownFileType = sourcecode.swift; path = ISCLicense.swift; sourceTree = "<group>"; };
		BCB0FC671CC90D170041596E /* License.swift */ = {isa = PBXFileReference; fileEncoding = 4; lastKnownFileType = sourcecode.swift; path = License.swift; sourceTree = "<group>"; };
		BCB0FC681CC90D170041596E /* MITLicense.swift */ = {isa = PBXFileReference; fileEncoding = 4; lastKnownFileType = sourcecode.swift; path = MITLicense.swift; sourceTree = "<group>"; };
		BCB0FC691CC90D170041596E /* MozillaPublicLicense20.swift */ = {isa = PBXFileReference; fileEncoding = 4; lastKnownFileType = sourcecode.swift; path = MozillaPublicLicense20.swift; sourceTree = "<group>"; };
		BCB0FC6A1CC90D170041596E /* Notice.swift */ = {isa = PBXFileReference; fileEncoding = 4; lastKnownFileType = sourcecode.swift; path = Notice.swift; sourceTree = "<group>"; };
		BCB0FC6B1CC90D170041596E /* NoticesHtmlBuilder.swift */ = {isa = PBXFileReference; fileEncoding = 4; lastKnownFileType = sourcecode.swift; name = NoticesHtmlBuilder.swift; path = ../../LicensesKit/NoticesHtmlBuilder.swift; sourceTree = "<group>"; };
		BCB0FC6D1CC90D170041596E /* Info.plist */ = {isa = PBXFileReference; fileEncoding = 4; lastKnownFileType = text.plist.xml; path = Info.plist; sourceTree = "<group>"; };
		BCB0FC6F1CC90D170041596E /* asl_20_full.txt */ = {isa = PBXFileReference; fileEncoding = 4; lastKnownFileType = text; path = asl_20_full.txt; sourceTree = "<group>"; };
		BCB0FC701CC90D170041596E /* asl_20_summary.txt */ = {isa = PBXFileReference; fileEncoding = 4; lastKnownFileType = text; path = asl_20_summary.txt; sourceTree = "<group>"; };
		BCB0FC711CC90D170041596E /* bsd3_full.txt */ = {isa = PBXFileReference; fileEncoding = 4; lastKnownFileType = text; path = bsd3_full.txt; sourceTree = "<group>"; };
		BCB0FC721CC90D170041596E /* bsd3_summary.txt */ = {isa = PBXFileReference; fileEncoding = 4; lastKnownFileType = text; path = bsd3_summary.txt; sourceTree = "<group>"; };
		BCB0FC731CC90D170041596E /* ccand_30_full.txt */ = {isa = PBXFileReference; fileEncoding = 4; lastKnownFileType = text; path = ccand_30_full.txt; sourceTree = "<group>"; };
		BCB0FC741CC90D170041596E /* ccand_30_summary.txt */ = {isa = PBXFileReference; fileEncoding = 4; lastKnownFileType = text; path = ccand_30_summary.txt; sourceTree = "<group>"; };
		BCB0FC751CC90D170041596E /* gpl_20_full.txt */ = {isa = PBXFileReference; fileEncoding = 4; lastKnownFileType = text; path = gpl_20_full.txt; sourceTree = "<group>"; };
		BCB0FC761CC90D170041596E /* gpl_20_summary.txt */ = {isa = PBXFileReference; fileEncoding = 4; lastKnownFileType = text; path = gpl_20_summary.txt; sourceTree = "<group>"; };
		BCB0FC771CC90D170041596E /* gpl_30_full.txt */ = {isa = PBXFileReference; fileEncoding = 4; lastKnownFileType = text; path = gpl_30_full.txt; sourceTree = "<group>"; };
		BCB0FC781CC90D170041596E /* gpl_30_summary.txt */ = {isa = PBXFileReference; fileEncoding = 4; lastKnownFileType = text; path = gpl_30_summary.txt; sourceTree = "<group>"; };
		BCB0FC791CC90D170041596E /* isc_full.txt */ = {isa = PBXFileReference; fileEncoding = 4; lastKnownFileType = text; path = isc_full.txt; sourceTree = "<group>"; };
		BCB0FC7A1CC90D170041596E /* isc_summary.txt */ = {isa = PBXFileReference; fileEncoding = 4; lastKnownFileType = text; path = isc_summary.txt; sourceTree = "<group>"; };
		BCB0FC7B1CC90D170041596E /* lgpl_21_full.txt */ = {isa = PBXFileReference; fileEncoding = 4; lastKnownFileType = text; path = lgpl_21_full.txt; sourceTree = "<group>"; };
		BCB0FC7C1CC90D170041596E /* lgpl_21_summary.txt */ = {isa = PBXFileReference; fileEncoding = 4; lastKnownFileType = text; path = lgpl_21_summary.txt; sourceTree = "<group>"; };
		BCB0FC7D1CC90D170041596E /* mit_full.txt */ = {isa = PBXFileReference; fileEncoding = 4; lastKnownFileType = text; path = mit_full.txt; sourceTree = "<group>"; };
		BCB0FC7E1CC90D170041596E /* mit_summary.txt */ = {isa = PBXFileReference; fileEncoding = 4; lastKnownFileType = text; path = mit_summary.txt; sourceTree = "<group>"; };
		BCB0FC7F1CC90D170041596E /* mpl_20_full.txt */ = {isa = PBXFileReference; fileEncoding = 4; lastKnownFileType = text; path = mpl_20_full.txt; sourceTree = "<group>"; };
		BCB0FC801CC90D170041596E /* mpl_20_summary.txt */ = {isa = PBXFileReference; fileEncoding = 4; lastKnownFileType = text; path = mpl_20_summary.txt; sourceTree = "<group>"; };
		BCB0FC811CC90D170041596E /* Notices.json */ = {isa = PBXFileReference; fileEncoding = 4; lastKnownFileType = text.json; path = Notices.json; sourceTree = "<group>"; };
		BCB0FCA61CC90DC30041596E /* StringBuilder.framework */ = {isa = PBXFileReference; lastKnownFileType = wrapper.framework; name = StringBuilder.framework; path = ../Carthage/Build/iOS/StringBuilder.framework; sourceTree = "<group>"; };
/* End PBXFileReference section */

/* Begin PBXFrameworksBuildPhase section */
		BCB0FC4C1CC8F4E40041596E /* Frameworks */ = {
			isa = PBXFrameworksBuildPhase;
			buildActionMask = 2147483647;
			files = (
				BCB0FCA71CC90DC30041596E /* StringBuilder.framework in Frameworks */,
			);
			runOnlyForDeploymentPostprocessing = 0;
		};
/* End PBXFrameworksBuildPhase section */

/* Begin PBXGroup section */
		BCB0FC461CC8F4E40041596E = {
			isa = PBXGroup;
			children = (
				BCB0FCA51CC90DAA0041596E /* Dependencies */,
				BCB0FC521CC8F4E40041596E /* LicensesKitFramework */,
				BCB0FC511CC8F4E40041596E /* Products */,
			);
			sourceTree = "<group>";
		};
		BCB0FC511CC8F4E40041596E /* Products */ = {
			isa = PBXGroup;
			children = (
				BCB0FC501CC8F4E40041596E /* LicensesKitFramework.framework */,
			);
			name = Products;
			sourceTree = "<group>";
		};
		BCB0FC521CC8F4E40041596E /* LicensesKitFramework */ = {
			isa = PBXGroup;
			children = (
				BCB0FC551CC8F4E40041596E /* Info.plist */,
				BCB0FC531CC8F4E40041596E /* LicensesKitFramework.h */,
				BCB0FC5B1CC90D170041596E /* LicensesViewController.swift */,
				BCB0FC6B1CC90D170041596E /* NoticesHtmlBuilder.swift */,
				BCB0FC5C1CC90D170041596E /* Model */,
				BCB0FC6C1CC90D170041596E /* Supporting Files */,
			);
			path = LicensesKitFramework;
			sourceTree = "<group>";
		};
		BCB0FC5C1CC90D170041596E /* Model */ = {
			isa = PBXGroup;
			children = (
				BCB0FC5D1CC90D170041596E /* LicenseResolver.swift */,
				BCB0FC5E1CC90D170041596E /* Licenses */,
				BCB0FC6A1CC90D170041596E /* Notice.swift */,
			);
			name = Model;
			path = ../../LicensesKit/Model;
			sourceTree = "<group>";
		};
		BCB0FC5E1CC90D170041596E /* Licenses */ = {
			isa = PBXGroup;
			children = (
				BCB0FC5F1CC90D170041596E /* ApacheSoftwareLicense20.swift */,
				BCB0FC601CC90D170041596E /* BSD3ClauseLicense.swift */,
				BCB0FC611CC90D170041596E /* CreativeCommonsAttributionNoDerivs30Unported.swift */,
				BCB0FC621CC90D170041596E /* CustomLicense.swift */,
				BCB0FC631CC90D170041596E /* GnuGeneralPublicLicense20.swift */,
				BCB0FC641CC90D170041596E /* GnuGeneralPublicLicense30.swift */,
				BCB0FC651CC90D170041596E /* GnuLesserGeneralPublicLicense21.swift */,
				BCB0FC661CC90D170041596E /* ISCLicense.swift */,
				BCB0FC671CC90D170041596E /* License.swift */,
				BCB0FC681CC90D170041596E /* MITLicense.swift */,
				BCB0FC691CC90D170041596E /* MozillaPublicLicense20.swift */,
			);
			path = Licenses;
			sourceTree = "<group>";
		};
		BCB0FC6C1CC90D170041596E /* Supporting Files */ = {
			isa = PBXGroup;
			children = (
				BCB0FC6D1CC90D170041596E /* Info.plist */,
				BCB0FC6E1CC90D170041596E /* Licenses */,
				BCB0FC811CC90D170041596E /* Notices.json */,
			);
			name = "Supporting Files";
			path = "../../LicensesKit/Supporting Files";
			sourceTree = "<group>";
		};
		BCB0FC6E1CC90D170041596E /* Licenses */ = {
			isa = PBXGroup;
			children = (
				BCB0FC6F1CC90D170041596E /* asl_20_full.txt */,
				BCB0FC701CC90D170041596E /* asl_20_summary.txt */,
				BCB0FC711CC90D170041596E /* bsd3_full.txt */,
				BCB0FC721CC90D170041596E /* bsd3_summary.txt */,
				BCB0FC731CC90D170041596E /* ccand_30_full.txt */,
				BCB0FC741CC90D170041596E /* ccand_30_summary.txt */,
				BCB0FC751CC90D170041596E /* gpl_20_full.txt */,
				BCB0FC761CC90D170041596E /* gpl_20_summary.txt */,
				BCB0FC771CC90D170041596E /* gpl_30_full.txt */,
				BCB0FC781CC90D170041596E /* gpl_30_summary.txt */,
				BCB0FC791CC90D170041596E /* isc_full.txt */,
				BCB0FC7A1CC90D170041596E /* isc_summary.txt */,
				BCB0FC7B1CC90D170041596E /* lgpl_21_full.txt */,
				BCB0FC7C1CC90D170041596E /* lgpl_21_summary.txt */,
				BCB0FC7D1CC90D170041596E /* mit_full.txt */,
				BCB0FC7E1CC90D170041596E /* mit_summary.txt */,
				BCB0FC7F1CC90D170041596E /* mpl_20_full.txt */,
				BCB0FC801CC90D170041596E /* mpl_20_summary.txt */,
			);
			path = Licenses;
			sourceTree = "<group>";
		};
		BCB0FCA51CC90DAA0041596E /* Dependencies */ = {
			isa = PBXGroup;
			children = (
				BCB0FCA61CC90DC30041596E /* StringBuilder.framework */,
			);
			name = Dependencies;
			sourceTree = "<group>";
		};
/* End PBXGroup section */

/* Begin PBXHeadersBuildPhase section */
		BCB0FC4D1CC8F4E40041596E /* Headers */ = {
			isa = PBXHeadersBuildPhase;
			buildActionMask = 2147483647;
			files = (
				BCB0FC541CC8F4E40041596E /* LicensesKitFramework.h in Headers */,
			);
			runOnlyForDeploymentPostprocessing = 0;
		};
/* End PBXHeadersBuildPhase section */

/* Begin PBXNativeTarget section */
		BCB0FC4F1CC8F4E40041596E /* LicensesKitFramework */ = {
			isa = PBXNativeTarget;
			buildConfigurationList = BCB0FC581CC8F4E40041596E /* Build configuration list for PBXNativeTarget "LicensesKitFramework" */;
			buildPhases = (
				BCB0FC4B1CC8F4E40041596E /* Sources */,
				BCB0FC4C1CC8F4E40041596E /* Frameworks */,
				BCB0FC4D1CC8F4E40041596E /* Headers */,
				BCB0FC4E1CC8F4E40041596E /* Resources */,
			);
			buildRules = (
			);
			dependencies = (
			);
			name = LicensesKitFramework;
			productName = LicensesKitFramework;
			productReference = BCB0FC501CC8F4E40041596E /* LicensesKitFramework.framework */;
			productType = "com.apple.product-type.framework";
		};
/* End PBXNativeTarget section */

/* Begin PBXProject section */
		BCB0FC471CC8F4E40041596E /* Project object */ = {
			isa = PBXProject;
			attributes = {
				LastUpgradeCheck = 0730;
				ORGANIZATIONNAME = "Matthew Wyskiel";
				TargetAttributes = {
					BCB0FC4F1CC8F4E40041596E = {
						CreatedOnToolsVersion = 7.3;
					};
				};
			};
			buildConfigurationList = BCB0FC4A1CC8F4E40041596E /* Build configuration list for PBXProject "LicensesKitFramework" */;
			compatibilityVersion = "Xcode 3.2";
			developmentRegion = English;
			hasScannedForEncodings = 0;
			knownRegions = (
				en,
			);
			mainGroup = BCB0FC461CC8F4E40041596E;
			productRefGroup = BCB0FC511CC8F4E40041596E /* Products */;
			projectDirPath = "";
			projectRoot = "";
			targets = (
				BCB0FC4F1CC8F4E40041596E /* LicensesKitFramework */,
			);
		};
/* End PBXProject section */

/* Begin PBXResourcesBuildPhase section */
		BCB0FC4E1CC8F4E40041596E /* Resources */ = {
			isa = PBXResourcesBuildPhase;
			buildActionMask = 2147483647;
			files = (
				BCB0FC961CC90D170041596E /* ccand_30_full.txt in Resources */,
				BCB0FCA41CC90D170041596E /* Notices.json in Resources */,
				BCB0FCA31CC90D170041596E /* mpl_20_summary.txt in Resources */,
				BCB0FC931CC90D170041596E /* asl_20_summary.txt in Resources */,
				BCB0FC9B1CC90D170041596E /* gpl_30_summary.txt in Resources */,
				BCB0FC9A1CC90D170041596E /* gpl_30_full.txt in Resources */,
				BCB0FC941CC90D170041596E /* bsd3_full.txt in Resources */,
				BCB0FCA21CC90D170041596E /* mpl_20_full.txt in Resources */,
				BCB0FC991CC90D170041596E /* gpl_20_summary.txt in Resources */,
				BCB0FCA01CC90D170041596E /* mit_full.txt in Resources */,
				BCB0FC981CC90D170041596E /* gpl_20_full.txt in Resources */,
				BCB0FC9D1CC90D170041596E /* isc_summary.txt in Resources */,
				BCB0FC951CC90D170041596E /* bsd3_summary.txt in Resources */,
				BCB0FC921CC90D170041596E /* asl_20_full.txt in Resources */,
				BCB0FC9F1CC90D170041596E /* lgpl_21_summary.txt in Resources */,
				BCB0FC971CC90D170041596E /* ccand_30_summary.txt in Resources */,
				BCB0FC911CC90D170041596E /* Info.plist in Resources */,
				BCB0FC9C1CC90D170041596E /* isc_full.txt in Resources */,
				BCB0FC9E1CC90D170041596E /* lgpl_21_full.txt in Resources */,
				BCB0FCA11CC90D170041596E /* mit_summary.txt in Resources */,
			);
			runOnlyForDeploymentPostprocessing = 0;
		};
/* End PBXResourcesBuildPhase section */

/* Begin PBXSourcesBuildPhase section */
		BCB0FC4B1CC8F4E40041596E /* Sources */ = {
			isa = PBXSourcesBuildPhase;
			buildActionMask = 2147483647;
			files = (
				BCB0FC8D1CC90D170041596E /* MITLicense.swift in Sources */,
				BCB0FC871CC90D170041596E /* CustomLicense.swift in Sources */,
				BCB0FC8B1CC90D170041596E /* ISCLicense.swift in Sources */,
				BCB0FC8F1CC90D170041596E /* Notice.swift in Sources */,
				BCB0FC8E1CC90D170041596E /* MozillaPublicLicense20.swift in Sources */,
				BCB0FC821CC90D170041596E /* LicensesViewController.swift in Sources */,
				BCB0FC831CC90D170041596E /* LicenseResolver.swift in Sources */,
				BCB0FC851CC90D170041596E /* BSD3ClauseLicense.swift in Sources */,
				BCB0FC881CC90D170041596E /* GnuGeneralPublicLicense20.swift in Sources */,
				BCB0FC841CC90D170041596E /* ApacheSoftwareLicense20.swift in Sources */,
				BCB0FC8A1CC90D170041596E /* GnuLesserGeneralPublicLicense21.swift in Sources */,
				BCB0FC901CC90D170041596E /* NoticesHtmlBuilder.swift in Sources */,
				BCB0FC861CC90D170041596E /* CreativeCommonsAttributionNoDerivs30Unported.swift in Sources */,
				BCB0FC8C1CC90D170041596E /* License.swift in Sources */,
				BCB0FC891CC90D170041596E /* GnuGeneralPublicLicense30.swift in Sources */,
			);
			runOnlyForDeploymentPostprocessing = 0;
		};
/* End PBXSourcesBuildPhase section */

/* Begin XCBuildConfiguration section */
		BCB0FC561CC8F4E40041596E /* Debug */ = {
			isa = XCBuildConfiguration;
			buildSettings = {
				ALWAYS_SEARCH_USER_PATHS = NO;
				CLANG_ANALYZER_NONNULL = YES;
				CLANG_CXX_LANGUAGE_STANDARD = "gnu++0x";
				CLANG_CXX_LIBRARY = "libc++";
				CLANG_ENABLE_MODULES = YES;
				CLANG_ENABLE_OBJC_ARC = YES;
				CLANG_WARN_BOOL_CONVERSION = YES;
				CLANG_WARN_CONSTANT_CONVERSION = YES;
				CLANG_WARN_DIRECT_OBJC_ISA_USAGE = YES_ERROR;
				CLANG_WARN_EMPTY_BODY = YES;
				CLANG_WARN_ENUM_CONVERSION = YES;
				CLANG_WARN_INT_CONVERSION = YES;
				CLANG_WARN_OBJC_ROOT_CLASS = YES_ERROR;
				CLANG_WARN_UNREACHABLE_CODE = YES;
				CLANG_WARN__DUPLICATE_METHOD_MATCH = YES;
				"CODE_SIGN_IDENTITY[sdk=iphoneos*]" = "iPhone Developer";
				COPY_PHASE_STRIP = NO;
				CURRENT_PROJECT_VERSION = 1;
				DEBUG_INFORMATION_FORMAT = dwarf;
				ENABLE_STRICT_OBJC_MSGSEND = YES;
				ENABLE_TESTABILITY = YES;
				GCC_C_LANGUAGE_STANDARD = gnu99;
				GCC_DYNAMIC_NO_PIC = NO;
				GCC_NO_COMMON_BLOCKS = YES;
				GCC_OPTIMIZATION_LEVEL = 0;
				GCC_PREPROCESSOR_DEFINITIONS = (
					"DEBUG=1",
					"$(inherited)",
				);
				GCC_WARN_64_TO_32_BIT_CONVERSION = YES;
				GCC_WARN_ABOUT_RETURN_TYPE = YES_ERROR;
				GCC_WARN_UNDECLARED_SELECTOR = YES;
				GCC_WARN_UNINITIALIZED_AUTOS = YES_AGGRESSIVE;
				GCC_WARN_UNUSED_FUNCTION = YES;
				GCC_WARN_UNUSED_VARIABLE = YES;
				IPHONEOS_DEPLOYMENT_TARGET = 9.3;
				MTL_ENABLE_DEBUG_INFO = YES;
				ONLY_ACTIVE_ARCH = YES;
				SDKROOT = iphoneos;
				SWIFT_OPTIMIZATION_LEVEL = "-Onone";
				TARGETED_DEVICE_FAMILY = "1,2";
				VERSIONING_SYSTEM = "apple-generic";
				VERSION_INFO_PREFIX = "";
			};
			name = Debug;
		};
		BCB0FC571CC8F4E40041596E /* Release */ = {
			isa = XCBuildConfiguration;
			buildSettings = {
				ALWAYS_SEARCH_USER_PATHS = NO;
				CLANG_ANALYZER_NONNULL = YES;
				CLANG_CXX_LANGUAGE_STANDARD = "gnu++0x";
				CLANG_CXX_LIBRARY = "libc++";
				CLANG_ENABLE_MODULES = YES;
				CLANG_ENABLE_OBJC_ARC = YES;
				CLANG_WARN_BOOL_CONVERSION = YES;
				CLANG_WARN_CONSTANT_CONVERSION = YES;
				CLANG_WARN_DIRECT_OBJC_ISA_USAGE = YES_ERROR;
				CLANG_WARN_EMPTY_BODY = YES;
				CLANG_WARN_ENUM_CONVERSION = YES;
				CLANG_WARN_INT_CONVERSION = YES;
				CLANG_WARN_OBJC_ROOT_CLASS = YES_ERROR;
				CLANG_WARN_UNREACHABLE_CODE = YES;
				CLANG_WARN__DUPLICATE_METHOD_MATCH = YES;
				"CODE_SIGN_IDENTITY[sdk=iphoneos*]" = "iPhone Developer";
				COPY_PHASE_STRIP = NO;
				CURRENT_PROJECT_VERSION = 1;
				DEBUG_INFORMATION_FORMAT = "dwarf-with-dsym";
				ENABLE_NS_ASSERTIONS = NO;
				ENABLE_STRICT_OBJC_MSGSEND = YES;
				GCC_C_LANGUAGE_STANDARD = gnu99;
				GCC_NO_COMMON_BLOCKS = YES;
				GCC_WARN_64_TO_32_BIT_CONVERSION = YES;
				GCC_WARN_ABOUT_RETURN_TYPE = YES_ERROR;
				GCC_WARN_UNDECLARED_SELECTOR = YES;
				GCC_WARN_UNINITIALIZED_AUTOS = YES_AGGRESSIVE;
				GCC_WARN_UNUSED_FUNCTION = YES;
				GCC_WARN_UNUSED_VARIABLE = YES;
				IPHONEOS_DEPLOYMENT_TARGET = 9.3;
				MTL_ENABLE_DEBUG_INFO = NO;
				SDKROOT = iphoneos;
				TARGETED_DEVICE_FAMILY = "1,2";
				VALIDATE_PRODUCT = YES;
				VERSIONING_SYSTEM = "apple-generic";
				VERSION_INFO_PREFIX = "";
			};
			name = Release;
		};
		BCB0FC591CC8F4E40041596E /* Debug */ = {
			isa = XCBuildConfiguration;
			buildSettings = {
				CLANG_ENABLE_MODULES = YES;
				DEFINES_MODULE = YES;
				DYLIB_COMPATIBILITY_VERSION = 1;
				DYLIB_CURRENT_VERSION = 1;
				DYLIB_INSTALL_NAME_BASE = "@rpath";
				FRAMEWORK_SEARCH_PATHS = "$(PROJECT_DIR)/../Carthage/Build/iOS";
				INFOPLIST_FILE = LicensesKitFramework/Info.plist;
				INSTALL_PATH = "$(LOCAL_LIBRARY_DIR)/Frameworks";
				IPHONEOS_DEPLOYMENT_TARGET = 8.0;
				LD_RUNPATH_SEARCH_PATHS = "$(inherited) @executable_path/Frameworks @loader_path/Frameworks";
				PRODUCT_BUNDLE_IDENTIFIER = com.mattwyskiel.LicensesKitFramework;
				PRODUCT_NAME = "$(TARGET_NAME)";
				SKIP_INSTALL = YES;
				SWIFT_OPTIMIZATION_LEVEL = "-Onone";
			};
			name = Debug;
		};
		BCB0FC5A1CC8F4E40041596E /* Release */ = {
			isa = XCBuildConfiguration;
			buildSettings = {
				CLANG_ENABLE_MODULES = YES;
				DEFINES_MODULE = YES;
				DYLIB_COMPATIBILITY_VERSION = 1;
				DYLIB_CURRENT_VERSION = 1;
				DYLIB_INSTALL_NAME_BASE = "@rpath";
				FRAMEWORK_SEARCH_PATHS = "$(PROJECT_DIR)/../Carthage/Build/iOS";
				INFOPLIST_FILE = LicensesKitFramework/Info.plist;
				INSTALL_PATH = "$(LOCAL_LIBRARY_DIR)/Frameworks";
				IPHONEOS_DEPLOYMENT_TARGET = 8.0;
				LD_RUNPATH_SEARCH_PATHS = "$(inherited) @executable_path/Frameworks @loader_path/Frameworks";
				PRODUCT_BUNDLE_IDENTIFIER = com.mattwyskiel.LicensesKitFramework;
				PRODUCT_NAME = "$(TARGET_NAME)";
				SKIP_INSTALL = YES;
			};
			name = Release;
		};
/* End XCBuildConfiguration section */

/* Begin XCConfigurationList section */
		BCB0FC4A1CC8F4E40041596E /* Build configuration list for PBXProject "LicensesKitFramework" */ = {
			isa = XCConfigurationList;
			buildConfigurations = (
				BCB0FC561CC8F4E40041596E /* Debug */,
				BCB0FC571CC8F4E40041596E /* Release */,
			);
			defaultConfigurationIsVisible = 0;
			defaultConfigurationName = Release;
		};
		BCB0FC581CC8F4E40041596E /* Build configuration list for PBXNativeTarget "LicensesKitFramework" */ = {
			isa = XCConfigurationList;
			buildConfigurations = (
				BCB0FC591CC8F4E40041596E /* Debug */,
				BCB0FC5A1CC8F4E40041596E /* Release */,
			);
			defaultConfigurationIsVisible = 0;
			defaultConfigurationName = Release;
		};
/* End XCConfigurationList section */
	};
	rootObject = BCB0FC471CC8F4E40041596E /* Project object */;
}
