// !$*UTF8*$!
{
	archiveVersion = 1;
	classes = {
	};
	objectVersion = 46;
	objects = {

/* Begin PBXBuildFile section */
		A47C5EB31D5E4050004BD651 /* LicensesKit.h in Headers */ = {isa = PBXBuildFile; fileRef = A47C5EB11D5E4050004BD651 /* LicensesKit.h */; settings = {ATTRIBUTES = (Public, ); }; };
		A47C5EC61D5E418A004BD651 /* LicenseResolver.swift in Sources */ = {isa = PBXBuildFile; fileRef = A47C5EB81D5E418A004BD651 /* LicenseResolver.swift */; };
		A47C5EC71D5E418A004BD651 /* ApacheSoftwareLicense20.swift in Sources */ = {isa = PBXBuildFile; fileRef = A47C5EBA1D5E418A004BD651 /* ApacheSoftwareLicense20.swift */; };
		A47C5EC81D5E418A004BD651 /* BSD3ClauseLicense.swift in Sources */ = {isa = PBXBuildFile; fileRef = A47C5EBB1D5E418A004BD651 /* BSD3ClauseLicense.swift */; };
		A47C5EC91D5E418A004BD651 /* CreativeCommonsAttributionNoDerivs30Unported.swift in Sources */ = {isa = PBXBuildFile; fileRef = A47C5EBC1D5E418A004BD651 /* CreativeCommonsAttributionNoDerivs30Unported.swift */; };
		A47C5ECA1D5E418A004BD651 /* CustomLicense.swift in Sources */ = {isa = PBXBuildFile; fileRef = A47C5EBD1D5E418A004BD651 /* CustomLicense.swift */; };
		A47C5ECB1D5E418A004BD651 /* GnuGeneralPublicLicense20.swift in Sources */ = {isa = PBXBuildFile; fileRef = A47C5EBE1D5E418A004BD651 /* GnuGeneralPublicLicense20.swift */; };
		A47C5ECC1D5E418A004BD651 /* GnuGeneralPublicLicense30.swift in Sources */ = {isa = PBXBuildFile; fileRef = A47C5EBF1D5E418A004BD651 /* GnuGeneralPublicLicense30.swift */; };
		A47C5ECD1D5E418A004BD651 /* GnuLesserGeneralPublicLicense21.swift in Sources */ = {isa = PBXBuildFile; fileRef = A47C5EC01D5E418A004BD651 /* GnuLesserGeneralPublicLicense21.swift */; };
		A47C5ECE1D5E418A004BD651 /* ISCLicense.swift in Sources */ = {isa = PBXBuildFile; fileRef = A47C5EC11D5E418A004BD651 /* ISCLicense.swift */; };
		A47C5ECF1D5E418A004BD651 /* License.swift in Sources */ = {isa = PBXBuildFile; fileRef = A47C5EC21D5E418A004BD651 /* License.swift */; };
		A47C5ED01D5E418A004BD651 /* MITLicense.swift in Sources */ = {isa = PBXBuildFile; fileRef = A47C5EC31D5E418A004BD651 /* MITLicense.swift */; };
		A47C5ED11D5E418A004BD651 /* MozillaPublicLicense20.swift in Sources */ = {isa = PBXBuildFile; fileRef = A47C5EC41D5E418A004BD651 /* MozillaPublicLicense20.swift */; };
		A47C5ED21D5E418A004BD651 /* Notice.swift in Sources */ = {isa = PBXBuildFile; fileRef = A47C5EC51D5E418A004BD651 /* Notice.swift */; };
		A47C5EE71D5E4494004BD651 /* asl_20_full.txt in Resources */ = {isa = PBXBuildFile; fileRef = A47C5ED41D5E4494004BD651 /* asl_20_full.txt */; };
		A47C5EE81D5E4494004BD651 /* asl_20_summary.txt in Resources */ = {isa = PBXBuildFile; fileRef = A47C5ED51D5E4494004BD651 /* asl_20_summary.txt */; };
		A47C5EE91D5E4494004BD651 /* bsd3_full.txt in Resources */ = {isa = PBXBuildFile; fileRef = A47C5ED61D5E4494004BD651 /* bsd3_full.txt */; };
		A47C5EEA1D5E4494004BD651 /* bsd3_summary.txt in Resources */ = {isa = PBXBuildFile; fileRef = A47C5ED71D5E4494004BD651 /* bsd3_summary.txt */; };
		A47C5EEB1D5E4494004BD651 /* ccand_30_full.txt in Resources */ = {isa = PBXBuildFile; fileRef = A47C5ED81D5E4494004BD651 /* ccand_30_full.txt */; };
		A47C5EEC1D5E4494004BD651 /* ccand_30_summary.txt in Resources */ = {isa = PBXBuildFile; fileRef = A47C5ED91D5E4494004BD651 /* ccand_30_summary.txt */; };
		A47C5EED1D5E4494004BD651 /* gpl_20_full.txt in Resources */ = {isa = PBXBuildFile; fileRef = A47C5EDA1D5E4494004BD651 /* gpl_20_full.txt */; };
		A47C5EEE1D5E4494004BD651 /* gpl_20_summary.txt in Resources */ = {isa = PBXBuildFile; fileRef = A47C5EDB1D5E4494004BD651 /* gpl_20_summary.txt */; };
		A47C5EEF1D5E4494004BD651 /* gpl_30_full.txt in Resources */ = {isa = PBXBuildFile; fileRef = A47C5EDC1D5E4494004BD651 /* gpl_30_full.txt */; };
		A47C5EF01D5E4494004BD651 /* gpl_30_summary.txt in Resources */ = {isa = PBXBuildFile; fileRef = A47C5EDD1D5E4494004BD651 /* gpl_30_summary.txt */; };
		A47C5EF11D5E4494004BD651 /* isc_full.txt in Resources */ = {isa = PBXBuildFile; fileRef = A47C5EDE1D5E4494004BD651 /* isc_full.txt */; };
		A47C5EF21D5E4494004BD651 /* isc_summary.txt in Resources */ = {isa = PBXBuildFile; fileRef = A47C5EDF1D5E4494004BD651 /* isc_summary.txt */; };
		A47C5EF31D5E4494004BD651 /* lgpl_21_full.txt in Resources */ = {isa = PBXBuildFile; fileRef = A47C5EE01D5E4494004BD651 /* lgpl_21_full.txt */; };
		A47C5EF41D5E4494004BD651 /* lgpl_21_summary.txt in Resources */ = {isa = PBXBuildFile; fileRef = A47C5EE11D5E4494004BD651 /* lgpl_21_summary.txt */; };
		A47C5EF51D5E4494004BD651 /* mit_full.txt in Resources */ = {isa = PBXBuildFile; fileRef = A47C5EE21D5E4494004BD651 /* mit_full.txt */; };
		A47C5EF61D5E4494004BD651 /* mit_summary.txt in Resources */ = {isa = PBXBuildFile; fileRef = A47C5EE31D5E4494004BD651 /* mit_summary.txt */; };
		A47C5EF71D5E4494004BD651 /* mpl_20_full.txt in Resources */ = {isa = PBXBuildFile; fileRef = A47C5EE41D5E4494004BD651 /* mpl_20_full.txt */; };
		A47C5EF81D5E4494004BD651 /* mpl_20_summary.txt in Resources */ = {isa = PBXBuildFile; fileRef = A47C5EE51D5E4494004BD651 /* mpl_20_summary.txt */; };
		A47C5EF91D5E4494004BD651 /* Notices.json in Resources */ = {isa = PBXBuildFile; fileRef = A47C5EE61D5E4494004BD651 /* Notices.json */; };
		A47C5EFC1D5E483C004BD651 /* NoticeView.swift in Sources */ = {isa = PBXBuildFile; fileRef = A47C5EFB1D5E483C004BD651 /* NoticeView.swift */; };
		A4DB5B931D5E5F3D006980D8 /* NoticeView.xib in Resources */ = {isa = PBXBuildFile; fileRef = A4DB5B921D5E5F3D006980D8 /* NoticeView.xib */; };
		A4EC4D171D62B200001745ED /* NoticeViewBuilder.swift in Sources */ = {isa = PBXBuildFile; fileRef = A4EC4D161D62B200001745ED /* NoticeViewBuilder.swift */; };
		A4EC4D191D62B704001745ED /* LicensesViewController.swift in Sources */ = {isa = PBXBuildFile; fileRef = A4EC4D181D62B704001745ED /* LicensesViewController.swift */; };
/* End PBXBuildFile section */

/* Begin PBXFileReference section */
		A47C5EAF1D5E4050004BD651 /* LicensesKit.framework */ = {isa = PBXFileReference; explicitFileType = wrapper.framework; includeInIndex = 0; path = LicensesKit.framework; sourceTree = BUILT_PRODUCTS_DIR; };
		A47C5EB11D5E4050004BD651 /* LicensesKit.h */ = {isa = PBXFileReference; lastKnownFileType = sourcecode.c.h; path = LicensesKit.h; sourceTree = "<group>"; };
		A47C5EB21D5E4050004BD651 /* Info.plist */ = {isa = PBXFileReference; lastKnownFileType = text.plist.xml; path = Info.plist; sourceTree = "<group>"; };
		A47C5EB81D5E418A004BD651 /* LicenseResolver.swift */ = {isa = PBXFileReference; fileEncoding = 4; lastKnownFileType = sourcecode.swift; path = LicenseResolver.swift; sourceTree = "<group>"; };
		A47C5EBA1D5E418A004BD651 /* ApacheSoftwareLicense20.swift */ = {isa = PBXFileReference; fileEncoding = 4; lastKnownFileType = sourcecode.swift; path = ApacheSoftwareLicense20.swift; sourceTree = "<group>"; };
		A47C5EBB1D5E418A004BD651 /* BSD3ClauseLicense.swift */ = {isa = PBXFileReference; fileEncoding = 4; lastKnownFileType = sourcecode.swift; path = BSD3ClauseLicense.swift; sourceTree = "<group>"; };
		A47C5EBC1D5E418A004BD651 /* CreativeCommonsAttributionNoDerivs30Unported.swift */ = {isa = PBXFileReference; fileEncoding = 4; lastKnownFileType = sourcecode.swift; path = CreativeCommonsAttributionNoDerivs30Unported.swift; sourceTree = "<group>"; };
		A47C5EBD1D5E418A004BD651 /* CustomLicense.swift */ = {isa = PBXFileReference; fileEncoding = 4; lastKnownFileType = sourcecode.swift; path = CustomLicense.swift; sourceTree = "<group>"; };
		A47C5EBE1D5E418A004BD651 /* GnuGeneralPublicLicense20.swift */ = {isa = PBXFileReference; fileEncoding = 4; lastKnownFileType = sourcecode.swift; path = GnuGeneralPublicLicense20.swift; sourceTree = "<group>"; };
		A47C5EBF1D5E418A004BD651 /* GnuGeneralPublicLicense30.swift */ = {isa = PBXFileReference; fileEncoding = 4; lastKnownFileType = sourcecode.swift; path = GnuGeneralPublicLicense30.swift; sourceTree = "<group>"; };
		A47C5EC01D5E418A004BD651 /* GnuLesserGeneralPublicLicense21.swift */ = {isa = PBXFileReference; fileEncoding = 4; lastKnownFileType = sourcecode.swift; path = GnuLesserGeneralPublicLicense21.swift; sourceTree = "<group>"; };
		A47C5EC11D5E418A004BD651 /* ISCLicense.swift */ = {isa = PBXFileReference; fileEncoding = 4; lastKnownFileType = sourcecode.swift; path = ISCLicense.swift; sourceTree = "<group>"; };
		A47C5EC21D5E418A004BD651 /* License.swift */ = {isa = PBXFileReference; fileEncoding = 4; lastKnownFileType = sourcecode.swift; path = License.swift; sourceTree = "<group>"; };
		A47C5EC31D5E418A004BD651 /* MITLicense.swift */ = {isa = PBXFileReference; fileEncoding = 4; lastKnownFileType = sourcecode.swift; path = MITLicense.swift; sourceTree = "<group>"; };
		A47C5EC41D5E418A004BD651 /* MozillaPublicLicense20.swift */ = {isa = PBXFileReference; fileEncoding = 4; lastKnownFileType = sourcecode.swift; path = MozillaPublicLicense20.swift; sourceTree = "<group>"; };
		A47C5EC51D5E418A004BD651 /* Notice.swift */ = {isa = PBXFileReference; fileEncoding = 4; lastKnownFileType = sourcecode.swift; path = Notice.swift; sourceTree = "<group>"; };
		A47C5ED41D5E4494004BD651 /* asl_20_full.txt */ = {isa = PBXFileReference; fileEncoding = 4; lastKnownFileType = text; path = asl_20_full.txt; sourceTree = "<group>"; };
		A47C5ED51D5E4494004BD651 /* asl_20_summary.txt */ = {isa = PBXFileReference; fileEncoding = 4; lastKnownFileType = text; path = asl_20_summary.txt; sourceTree = "<group>"; };
		A47C5ED61D5E4494004BD651 /* bsd3_full.txt */ = {isa = PBXFileReference; fileEncoding = 4; lastKnownFileType = text; path = bsd3_full.txt; sourceTree = "<group>"; };
		A47C5ED71D5E4494004BD651 /* bsd3_summary.txt */ = {isa = PBXFileReference; fileEncoding = 4; lastKnownFileType = text; path = bsd3_summary.txt; sourceTree = "<group>"; };
		A47C5ED81D5E4494004BD651 /* ccand_30_full.txt */ = {isa = PBXFileReference; fileEncoding = 4; lastKnownFileType = text; path = ccand_30_full.txt; sourceTree = "<group>"; };
		A47C5ED91D5E4494004BD651 /* ccand_30_summary.txt */ = {isa = PBXFileReference; fileEncoding = 4; lastKnownFileType = text; path = ccand_30_summary.txt; sourceTree = "<group>"; };
		A47C5EDA1D5E4494004BD651 /* gpl_20_full.txt */ = {isa = PBXFileReference; fileEncoding = 4; lastKnownFileType = text; path = gpl_20_full.txt; sourceTree = "<group>"; };
		A47C5EDB1D5E4494004BD651 /* gpl_20_summary.txt */ = {isa = PBXFileReference; fileEncoding = 4; lastKnownFileType = text; path = gpl_20_summary.txt; sourceTree = "<group>"; };
		A47C5EDC1D5E4494004BD651 /* gpl_30_full.txt */ = {isa = PBXFileReference; fileEncoding = 4; lastKnownFileType = text; path = gpl_30_full.txt; sourceTree = "<group>"; };
		A47C5EDD1D5E4494004BD651 /* gpl_30_summary.txt */ = {isa = PBXFileReference; fileEncoding = 4; lastKnownFileType = text; path = gpl_30_summary.txt; sourceTree = "<group>"; };
		A47C5EDE1D5E4494004BD651 /* isc_full.txt */ = {isa = PBXFileReference; fileEncoding = 4; lastKnownFileType = text; path = isc_full.txt; sourceTree = "<group>"; };
		A47C5EDF1D5E4494004BD651 /* isc_summary.txt */ = {isa = PBXFileReference; fileEncoding = 4; lastKnownFileType = text; path = isc_summary.txt; sourceTree = "<group>"; };
		A47C5EE01D5E4494004BD651 /* lgpl_21_full.txt */ = {isa = PBXFileReference; fileEncoding = 4; lastKnownFileType = text; path = lgpl_21_full.txt; sourceTree = "<group>"; };
		A47C5EE11D5E4494004BD651 /* lgpl_21_summary.txt */ = {isa = PBXFileReference; fileEncoding = 4; lastKnownFileType = text; path = lgpl_21_summary.txt; sourceTree = "<group>"; };
		A47C5EE21D5E4494004BD651 /* mit_full.txt */ = {isa = PBXFileReference; fileEncoding = 4; lastKnownFileType = text; path = mit_full.txt; sourceTree = "<group>"; };
		A47C5EE31D5E4494004BD651 /* mit_summary.txt */ = {isa = PBXFileReference; fileEncoding = 4; lastKnownFileType = text; path = mit_summary.txt; sourceTree = "<group>"; };
		A47C5EE41D5E4494004BD651 /* mpl_20_full.txt */ = {isa = PBXFileReference; fileEncoding = 4; lastKnownFileType = text; path = mpl_20_full.txt; sourceTree = "<group>"; };
		A47C5EE51D5E4494004BD651 /* mpl_20_summary.txt */ = {isa = PBXFileReference; fileEncoding = 4; lastKnownFileType = text; path = mpl_20_summary.txt; sourceTree = "<group>"; };
		A47C5EE61D5E4494004BD651 /* Notices.json */ = {isa = PBXFileReference; fileEncoding = 4; lastKnownFileType = text.json; path = Notices.json; sourceTree = "<group>"; };
		A47C5EFB1D5E483C004BD651 /* NoticeView.swift */ = {isa = PBXFileReference; fileEncoding = 4; lastKnownFileType = sourcecode.swift; path = NoticeView.swift; sourceTree = "<group>"; };
		A4DB5B921D5E5F3D006980D8 /* NoticeView.xib */ = {isa = PBXFileReference; fileEncoding = 4; lastKnownFileType = file.xib; path = NoticeView.xib; sourceTree = "<group>"; };
		A4EC4D161D62B200001745ED /* NoticeViewBuilder.swift */ = {isa = PBXFileReference; fileEncoding = 4; lastKnownFileType = sourcecode.swift; path = NoticeViewBuilder.swift; sourceTree = "<group>"; };
		A4EC4D181D62B704001745ED /* LicensesViewController.swift */ = {isa = PBXFileReference; fileEncoding = 4; lastKnownFileType = sourcecode.swift; path = LicensesViewController.swift; sourceTree = "<group>"; };
/* End PBXFileReference section */

/* Begin PBXFrameworksBuildPhase section */
		A47C5EAB1D5E4050004BD651 /* Frameworks */ = {
			isa = PBXFrameworksBuildPhase;
			buildActionMask = 2147483647;
			files = (
			);
			runOnlyForDeploymentPostprocessing = 0;
		};
/* End PBXFrameworksBuildPhase section */

/* Begin PBXGroup section */
		A47C5EB01D5E4050004BD651 /* LicensesKit */ = {
			isa = PBXGroup;
			children = (
				A47C5EB71D5E418A004BD651 /* Model */,
				A47C5EB11D5E4050004BD651 /* LicensesKit.h */,
				A47C5EFA1D5E4795004BD651 /* Supporting Files */,
				A47C5EFB1D5E483C004BD651 /* NoticeView.swift */,
				A4EC4D161D62B200001745ED /* NoticeViewBuilder.swift */,
				A4EC4D181D62B704001745ED /* LicensesViewController.swift */,
				A4DB5B921D5E5F3D006980D8 /* NoticeView.xib */,
			);
			path = LicensesKit;
			sourceTree = "<group>";
		};
		A47C5EB71D5E418A004BD651 /* Model */ = {
			isa = PBXGroup;
			children = (
				A47C5EB81D5E418A004BD651 /* LicenseResolver.swift */,
				A47C5EB91D5E418A004BD651 /* Licenses */,
				A47C5EC51D5E418A004BD651 /* Notice.swift */,
			);
			path = Model;
			sourceTree = "<group>";
		};
		A47C5EB91D5E418A004BD651 /* Licenses */ = {
			isa = PBXGroup;
			children = (
				A47C5EC21D5E418A004BD651 /* License.swift */,
				A47C5EBA1D5E418A004BD651 /* ApacheSoftwareLicense20.swift */,
				A47C5EBB1D5E418A004BD651 /* BSD3ClauseLicense.swift */,
				A47C5EBC1D5E418A004BD651 /* CreativeCommonsAttributionNoDerivs30Unported.swift */,
				A47C5EBD1D5E418A004BD651 /* CustomLicense.swift */,
				A47C5EBE1D5E418A004BD651 /* GnuGeneralPublicLicense20.swift */,
				A47C5EBF1D5E418A004BD651 /* GnuGeneralPublicLicense30.swift */,
				A47C5EC01D5E418A004BD651 /* GnuLesserGeneralPublicLicense21.swift */,
				A47C5EC11D5E418A004BD651 /* ISCLicense.swift */,
				A47C5EC31D5E418A004BD651 /* MITLicense.swift */,
				A47C5EC41D5E418A004BD651 /* MozillaPublicLicense20.swift */,
			);
			path = Licenses;
			sourceTree = "<group>";
		};
		A47C5ED31D5E4494004BD651 /* Licenses */ = {
			isa = PBXGroup;
			children = (
				A47C5ED41D5E4494004BD651 /* asl_20_full.txt */,
				A47C5ED51D5E4494004BD651 /* asl_20_summary.txt */,
				A47C5ED61D5E4494004BD651 /* bsd3_full.txt */,
				A47C5ED71D5E4494004BD651 /* bsd3_summary.txt */,
				A47C5ED81D5E4494004BD651 /* ccand_30_full.txt */,
				A47C5ED91D5E4494004BD651 /* ccand_30_summary.txt */,
				A47C5EDA1D5E4494004BD651 /* gpl_20_full.txt */,
				A47C5EDB1D5E4494004BD651 /* gpl_20_summary.txt */,
				A47C5EDC1D5E4494004BD651 /* gpl_30_full.txt */,
				A47C5EDD1D5E4494004BD651 /* gpl_30_summary.txt */,
				A47C5EDE1D5E4494004BD651 /* isc_full.txt */,
				A47C5EDF1D5E4494004BD651 /* isc_summary.txt */,
				A47C5EE01D5E4494004BD651 /* lgpl_21_full.txt */,
				A47C5EE11D5E4494004BD651 /* lgpl_21_summary.txt */,
				A47C5EE21D5E4494004BD651 /* mit_full.txt */,
				A47C5EE31D5E4494004BD651 /* mit_summary.txt */,
				A47C5EE41D5E4494004BD651 /* mpl_20_full.txt */,
				A47C5EE51D5E4494004BD651 /* mpl_20_summary.txt */,
			);
			path = Licenses;
			sourceTree = "<group>";
		};
		A47C5EFA1D5E4795004BD651 /* Supporting Files */ = {
			isa = PBXGroup;
			children = (
				A47C5ED31D5E4494004BD651 /* Licenses */,
				A47C5EE61D5E4494004BD651 /* Notices.json */,
				A47C5EB21D5E4050004BD651 /* Info.plist */,
			);
			name = "Supporting Files";
			sourceTree = "<group>";
		};
		A4D0D25419DA22AC004F028B = {
			isa = PBXGroup;
			children = (
				A47C5EB01D5E4050004BD651 /* LicensesKit */,
				A4D0D25F19DA22AC004F028B /* Products */,
			);
			sourceTree = "<group>";
		};
		A4D0D25F19DA22AC004F028B /* Products */ = {
			isa = PBXGroup;
			children = (
				A47C5EAF1D5E4050004BD651 /* LicensesKit.framework */,
			);
			name = Products;
			sourceTree = "<group>";
		};
/* End PBXGroup section */

/* Begin PBXHeadersBuildPhase section */
		A47C5EAC1D5E4050004BD651 /* Headers */ = {
			isa = PBXHeadersBuildPhase;
			buildActionMask = 2147483647;
			files = (
				A47C5EB31D5E4050004BD651 /* LicensesKit.h in Headers */,
			);
			runOnlyForDeploymentPostprocessing = 0;
		};
/* End PBXHeadersBuildPhase section */

/* Begin PBXNativeTarget section */
		A47C5EAE1D5E4050004BD651 /* LicensesKit */ = {
			isa = PBXNativeTarget;
			buildConfigurationList = A47C5EB41D5E4050004BD651 /* Build configuration list for PBXNativeTarget "LicensesKit" */;
			buildPhases = (
				A47C5EAA1D5E4050004BD651 /* Sources */,
				A47C5EAB1D5E4050004BD651 /* Frameworks */,
				A47C5EAC1D5E4050004BD651 /* Headers */,
				A47C5EAD1D5E4050004BD651 /* Resources */,
			);
			buildRules = (
			);
			dependencies = (
			);
			name = LicensesKit;
			productName = LicensesKit;
			productReference = A47C5EAF1D5E4050004BD651 /* LicensesKit.framework */;
			productType = "com.apple.product-type.framework";
		};
/* End PBXNativeTarget section */

/* Begin PBXProject section */
		A4D0D25519DA22AC004F028B /* Project object */ = {
			isa = PBXProject;
			attributes = {
				LastSwiftMigration = 0700;
				LastSwiftUpdateCheck = 0720;
				LastUpgradeCheck = 0800;
				ORGANIZATIONNAME = "Matthew Wyskiel";
				TargetAttributes = {
					A47C5EAE1D5E4050004BD651 = {
						CreatedOnToolsVersion = 8.0;
						DevelopmentTeam = 5XPCB5TC44;
						ProvisioningStyle = Automatic;
					};
				};
			};
			buildConfigurationList = A4D0D25819DA22AC004F028B /* Build configuration list for PBXProject "LicensesKit" */;
			compatibilityVersion = "Xcode 3.2";
			developmentRegion = English;
			hasScannedForEncodings = 0;
			knownRegions = (
				en,
			);
			mainGroup = A4D0D25419DA22AC004F028B;
			productRefGroup = A4D0D25F19DA22AC004F028B /* Products */;
			projectDirPath = "";
			projectRoot = "";
			targets = (
				A47C5EAE1D5E4050004BD651 /* LicensesKit */,
			);
		};
/* End PBXProject section */

/* Begin PBXResourcesBuildPhase section */
		A47C5EAD1D5E4050004BD651 /* Resources */ = {
			isa = PBXResourcesBuildPhase;
			buildActionMask = 2147483647;
			files = (
				A4DB5B931D5E5F3D006980D8 /* NoticeView.xib in Resources */,
				A47C5EF91D5E4494004BD651 /* Notices.json in Resources */,
				A47C5EF51D5E4494004BD651 /* mit_full.txt in Resources */,
				A47C5EEF1D5E4494004BD651 /* gpl_30_full.txt in Resources */,
				A47C5EF41D5E4494004BD651 /* lgpl_21_summary.txt in Resources */,
				A47C5EF21D5E4494004BD651 /* isc_summary.txt in Resources */,
				A47C5EF61D5E4494004BD651 /* mit_summary.txt in Resources */,
				A47C5EF11D5E4494004BD651 /* isc_full.txt in Resources */,
				A47C5EE81D5E4494004BD651 /* asl_20_summary.txt in Resources */,
				A47C5EEE1D5E4494004BD651 /* gpl_20_summary.txt in Resources */,
				A47C5EE71D5E4494004BD651 /* asl_20_full.txt in Resources */,
				A47C5EEC1D5E4494004BD651 /* ccand_30_summary.txt in Resources */,
				A47C5EEB1D5E4494004BD651 /* ccand_30_full.txt in Resources */,
				A47C5EE91D5E4494004BD651 /* bsd3_full.txt in Resources */,
				A47C5EED1D5E4494004BD651 /* gpl_20_full.txt in Resources */,
				A47C5EF01D5E4494004BD651 /* gpl_30_summary.txt in Resources */,
				A47C5EF31D5E4494004BD651 /* lgpl_21_full.txt in Resources */,
				A47C5EF81D5E4494004BD651 /* mpl_20_summary.txt in Resources */,
				A47C5EEA1D5E4494004BD651 /* bsd3_summary.txt in Resources */,
				A47C5EF71D5E4494004BD651 /* mpl_20_full.txt in Resources */,
			);
			runOnlyForDeploymentPostprocessing = 0;
		};
/* End PBXResourcesBuildPhase section */

/* Begin PBXSourcesBuildPhase section */
		A47C5EAA1D5E4050004BD651 /* Sources */ = {
			isa = PBXSourcesBuildPhase;
			buildActionMask = 2147483647;
			files = (
				A47C5ED01D5E418A004BD651 /* MITLicense.swift in Sources */,
				A47C5EC71D5E418A004BD651 /* ApacheSoftwareLicense20.swift in Sources */,
				A47C5ED21D5E418A004BD651 /* Notice.swift in Sources */,
				A47C5ECC1D5E418A004BD651 /* GnuGeneralPublicLicense30.swift in Sources */,
				A47C5ECE1D5E418A004BD651 /* ISCLicense.swift in Sources */,
				A47C5ECA1D5E418A004BD651 /* CustomLicense.swift in Sources */,
				A4EC4D171D62B200001745ED /* NoticeViewBuilder.swift in Sources */,
				A47C5ECD1D5E418A004BD651 /* GnuLesserGeneralPublicLicense21.swift in Sources */,
				A47C5EC61D5E418A004BD651 /* LicenseResolver.swift in Sources */,
				A47C5EC81D5E418A004BD651 /* BSD3ClauseLicense.swift in Sources */,
				A47C5ECF1D5E418A004BD651 /* License.swift in Sources */,
				A47C5EFC1D5E483C004BD651 /* NoticeView.swift in Sources */,
				A4EC4D191D62B704001745ED /* LicensesViewController.swift in Sources */,
				A47C5ECB1D5E418A004BD651 /* GnuGeneralPublicLicense20.swift in Sources */,
				A47C5EC91D5E418A004BD651 /* CreativeCommonsAttributionNoDerivs30Unported.swift in Sources */,
				A47C5ED11D5E418A004BD651 /* MozillaPublicLicense20.swift in Sources */,
			);
			runOnlyForDeploymentPostprocessing = 0;
		};
/* End PBXSourcesBuildPhase section */

/* Begin XCBuildConfiguration section */
		A47C5EB51D5E4050004BD651 /* Debug */ = {
			isa = XCBuildConfiguration;
			buildSettings = {
				CLANG_ANALYZER_NONNULL = YES;
				CLANG_WARN_DOCUMENTATION_COMMENTS = YES;
				CLANG_WARN_INFINITE_RECURSION = YES;
				CLANG_WARN_SUSPICIOUS_MOVES = YES;
				CODE_SIGN_IDENTITY = "";
				DEBUG_INFORMATION_FORMAT = dwarf;
				DEFINES_MODULE = YES;
				DEVELOPMENT_TEAM = 5XPCB5TC44;
				DYLIB_COMPATIBILITY_VERSION = 1;
				DYLIB_CURRENT_VERSION = 1;
				DYLIB_INSTALL_NAME_BASE = "@rpath";
				GCC_NO_COMMON_BLOCKS = YES;
				INFOPLIST_FILE = LicensesKit/Info.plist;
				INSTALL_PATH = "$(LOCAL_LIBRARY_DIR)/Frameworks";
				IPHONEOS_DEPLOYMENT_TARGET = 10.0;
				LD_RUNPATH_SEARCH_PATHS = "$(inherited) @executable_path/Frameworks @loader_path/Frameworks";
				PRODUCT_BUNDLE_IDENTIFIER = com.matthewwyskiel.LicensesKit;
				PRODUCT_NAME = "$(TARGET_NAME)";
				SKIP_INSTALL = YES;
				SWIFT_ACTIVE_COMPILATION_CONDITIONS = DEBUG;
				SWIFT_VERSION = 3.0;
			};
			name = Debug;
		};
		A47C5EB61D5E4050004BD651 /* Release */ = {
			isa = XCBuildConfiguration;
			buildSettings = {
				CLANG_ANALYZER_NONNULL = YES;
				CLANG_WARN_DOCUMENTATION_COMMENTS = YES;
				CLANG_WARN_INFINITE_RECURSION = YES;
				CLANG_WARN_SUSPICIOUS_MOVES = YES;
				CODE_SIGN_IDENTITY = "";
				COPY_PHASE_STRIP = NO;
				DEBUG_INFORMATION_FORMAT = "dwarf-with-dsym";
				DEFINES_MODULE = YES;
				DEVELOPMENT_TEAM = 5XPCB5TC44;
				DYLIB_COMPATIBILITY_VERSION = 1;
				DYLIB_CURRENT_VERSION = 1;
				DYLIB_INSTALL_NAME_BASE = "@rpath";
				GCC_NO_COMMON_BLOCKS = YES;
				INFOPLIST_FILE = LicensesKit/Info.plist;
				INSTALL_PATH = "$(LOCAL_LIBRARY_DIR)/Frameworks";
				IPHONEOS_DEPLOYMENT_TARGET = 10.0;
				LD_RUNPATH_SEARCH_PATHS = "$(inherited) @executable_path/Frameworks @loader_path/Frameworks";
				PRODUCT_BUNDLE_IDENTIFIER = com.matthewwyskiel.LicensesKit;
				PRODUCT_NAME = "$(TARGET_NAME)";
				SKIP_INSTALL = YES;
				SWIFT_OPTIMIZATION_LEVEL = "-Owholemodule";
				SWIFT_VERSION = 3.0;
			};
			name = Release;
		};
		A4D0D26F19DA22AC004F028B /* Debug */ = {
			isa = XCBuildConfiguration;
			buildSettings = {
				ALWAYS_SEARCH_USER_PATHS = NO;
				CLANG_CXX_LANGUAGE_STANDARD = "gnu++0x";
				CLANG_CXX_LIBRARY = "libc++";
				CLANG_ENABLE_MODULES = YES;
				CLANG_ENABLE_OBJC_ARC = YES;
				CLANG_WARN_BOOL_CONVERSION = YES;
				CLANG_WARN_CONSTANT_CONVERSION = YES;
				CLANG_WARN_DIRECT_OBJC_ISA_USAGE = YES_ERROR;
				CLANG_WARN_EMPTY_BODY = YES;
				CLANG_WARN_ENUM_CONVERSION = YES;
				CLANG_WARN_INFINITE_RECURSION = YES;
				CLANG_WARN_INT_CONVERSION = YES;
				CLANG_WARN_OBJC_ROOT_CLASS = YES_ERROR;
				CLANG_WARN_SUSPICIOUS_MOVE = YES;
				CLANG_WARN_UNREACHABLE_CODE = YES;
				CLANG_WARN__DUPLICATE_METHOD_MATCH = YES;
				"CODE_SIGN_IDENTITY[sdk=iphoneos*]" = "iPhone Developer";
				COPY_PHASE_STRIP = NO;
				CURRENT_PROJECT_VERSION = 1;
				ENABLE_STRICT_OBJC_MSGSEND = YES;
				ENABLE_TESTABILITY = YES;
				GCC_C_LANGUAGE_STANDARD = gnu99;
				GCC_DYNAMIC_NO_PIC = NO;
				GCC_NO_COMMON_BLOCKS = YES;
				GCC_OPTIMIZATION_LEVEL = 0;
				GCC_PREPROCESSOR_DEFINITIONS = (
					"DEBUG=1",
					"$(inherited)",
				);
				GCC_SYMBOLS_PRIVATE_EXTERN = NO;
				GCC_WARN_64_TO_32_BIT_CONVERSION = YES;
				GCC_WARN_ABOUT_RETURN_TYPE = YES_ERROR;
				GCC_WARN_UNDECLARED_SELECTOR = YES;
				GCC_WARN_UNINITIALIZED_AUTOS = YES_AGGRESSIVE;
				GCC_WARN_UNUSED_FUNCTION = YES;
				GCC_WARN_UNUSED_VARIABLE = YES;
				IPHONEOS_DEPLOYMENT_TARGET = 8.0;
				MTL_ENABLE_DEBUG_INFO = YES;
				ONLY_ACTIVE_ARCH = YES;
				SDKROOT = iphoneos;
				SWIFT_OPTIMIZATION_LEVEL = "-Onone";
				TARGETED_DEVICE_FAMILY = "1,2";
				VERSIONING_SYSTEM = "apple-generic";
				VERSION_INFO_PREFIX = "";
			};
			name = Debug;
		};
		A4D0D27019DA22AC004F028B /* Release */ = {
			isa = XCBuildConfiguration;
			buildSettings = {
				ALWAYS_SEARCH_USER_PATHS = NO;
				CLANG_CXX_LANGUAGE_STANDARD = "gnu++0x";
				CLANG_CXX_LIBRARY = "libc++";
				CLANG_ENABLE_MODULES = YES;
				CLANG_ENABLE_OBJC_ARC = YES;
				CLANG_WARN_BOOL_CONVERSION = YES;
				CLANG_WARN_CONSTANT_CONVERSION = YES;
				CLANG_WARN_DIRECT_OBJC_ISA_USAGE = YES_ERROR;
				CLANG_WARN_EMPTY_BODY = YES;
				CLANG_WARN_ENUM_CONVERSION = YES;
				CLANG_WARN_INFINITE_RECURSION = YES;
				CLANG_WARN_INT_CONVERSION = YES;
				CLANG_WARN_OBJC_ROOT_CLASS = YES_ERROR;
				CLANG_WARN_SUSPICIOUS_MOVE = YES;
				CLANG_WARN_UNREACHABLE_CODE = YES;
				CLANG_WARN__DUPLICATE_METHOD_MATCH = YES;
				"CODE_SIGN_IDENTITY[sdk=iphoneos*]" = "iPhone Developer";
				COPY_PHASE_STRIP = YES;
				CURRENT_PROJECT_VERSION = 1;
				ENABLE_NS_ASSERTIONS = NO;
				ENABLE_STRICT_OBJC_MSGSEND = YES;
				GCC_C_LANGUAGE_STANDARD = gnu99;
				GCC_NO_COMMON_BLOCKS = YES;
				GCC_WARN_64_TO_32_BIT_CONVERSION = YES;
				GCC_WARN_ABOUT_RETURN_TYPE = YES_ERROR;
				GCC_WARN_UNDECLARED_SELECTOR = YES;
				GCC_WARN_UNINITIALIZED_AUTOS = YES_AGGRESSIVE;
				GCC_WARN_UNUSED_FUNCTION = YES;
				GCC_WARN_UNUSED_VARIABLE = YES;
				IPHONEOS_DEPLOYMENT_TARGET = 8.0;
				MTL_ENABLE_DEBUG_INFO = NO;
				SDKROOT = iphoneos;
				TARGETED_DEVICE_FAMILY = "1,2";
				VALIDATE_PRODUCT = YES;
				VERSIONING_SYSTEM = "apple-generic";
				VERSION_INFO_PREFIX = "";
			};
			name = Release;
		};
/* End XCBuildConfiguration section */

/* Begin XCConfigurationList section */
		A47C5EB41D5E4050004BD651 /* Build configuration list for PBXNativeTarget "LicensesKit" */ = {
			isa = XCConfigurationList;
			buildConfigurations = (
				A47C5EB51D5E4050004BD651 /* Debug */,
				A47C5EB61D5E4050004BD651 /* Release */,
			);
			defaultConfigurationIsVisible = 0;
			defaultConfigurationName = Release;
		};
		A4D0D25819DA22AC004F028B /* Build configuration list for PBXProject "LicensesKit" */ = {
			isa = XCConfigurationList;
			buildConfigurations = (
				A4D0D26F19DA22AC004F028B /* Debug */,
				A4D0D27019DA22AC004F028B /* Release */,
			);
			defaultConfigurationIsVisible = 0;
			defaultConfigurationName = Release;
		};
/* End XCConfigurationList section */
	};
	rootObject = A4D0D25519DA22AC004F028B /* Project object */;
}
