<?xml version="1.0" encoding="UTF-8"?>
<!DOCTYPE plist PUBLIC "-//Apple//DTD PLIST 1.0//EN" "http://www.apple.com/DTDs/PropertyList-1.0.dtd">
<plist version="1.0">
<dict>
	<key>archiveVersion</key>
	<string>1</string>
	<key>classes</key>
	<dict/>
	<key>objectVersion</key>
	<string>46</string>
	<key>objects</key>
	<dict>
		<key>A459639019DCD0C2001AC2CA</key>
		<dict>
			<key>fileEncoding</key>
			<string>4</string>
			<key>isa</key>
			<string>PBXFileReference</string>
			<key>lastKnownFileType</key>
			<string>sourcecode.swift</string>
			<key>path</key>
			<string>LicensesViewController.swift</string>
			<key>sourceTree</key>
			<string>&lt;group&gt;</string>
		</dict>
		<key>A459639119DCD0C2001AC2CA</key>
		<dict>
			<key>fileRef</key>
			<string>A459639019DCD0C2001AC2CA</string>
			<key>isa</key>
			<string>PBXBuildFile</string>
		</dict>
		<key>A49771DD19DB83A600A6590F</key>
		<dict>
			<key>isa</key>
			<string>PBXFileReference</string>
			<key>lastKnownFileType</key>
			<string>file.playground</string>
			<key>path</key>
			<string>LicensesKitPlayground.playground</string>
			<key>sourceTree</key>
			<string>&lt;group&gt;</string>
		</dict>
		<key>A497720419DB8F0800A6590F</key>
		<dict>
			<key>isa</key>
			<string>PBXFileReference</string>
			<key>lastKnownFileType</key>
			<string>wrapper.pb-project</string>
			<key>name</key>
			<string>StringBuilder.xcodeproj</string>
			<key>path</key>
			<string>../../StringBuilder/StringBuilder.xcodeproj</string>
			<key>sourceTree</key>
			<string>SOURCE_ROOT</string>
		</dict>
		<key>A497720519DB8F0800A6590F</key>
		<dict>
			<key>children</key>
			<array>
				<string>A497720A19DB8F0800A6590F</string>
				<string>A497720C19DB8F0800A6590F</string>
			</array>
			<key>isa</key>
			<string>PBXGroup</string>
			<key>name</key>
			<string>Products</string>
			<key>sourceTree</key>
			<string>&lt;group&gt;</string>
		</dict>
		<key>A497720919DB8F0800A6590F</key>
		<dict>
			<key>containerPortal</key>
			<string>A497720419DB8F0800A6590F</string>
			<key>isa</key>
			<string>PBXContainerItemProxy</string>
			<key>proxyType</key>
			<string>2</string>
			<key>remoteGlobalIDString</key>
			<string>A49771E819DB854200A6590F</string>
			<key>remoteInfo</key>
			<string>StringBuilder</string>
		</dict>
		<key>A497720A19DB8F0800A6590F</key>
		<dict>
			<key>fileType</key>
			<string>wrapper.framework</string>
			<key>isa</key>
			<string>PBXReferenceProxy</string>
			<key>path</key>
			<string>StringBuilder.framework</string>
			<key>remoteRef</key>
			<string>A497720919DB8F0800A6590F</string>
			<key>sourceTree</key>
			<string>BUILT_PRODUCTS_DIR</string>
		</dict>
		<key>A497720B19DB8F0800A6590F</key>
		<dict>
			<key>containerPortal</key>
			<string>A497720419DB8F0800A6590F</string>
			<key>isa</key>
			<string>PBXContainerItemProxy</string>
			<key>proxyType</key>
			<string>2</string>
			<key>remoteGlobalIDString</key>
			<string>A49771F319DB854200A6590F</string>
			<key>remoteInfo</key>
			<string>StringBuilderTests</string>
		</dict>
		<key>A497720C19DB8F0800A6590F</key>
		<dict>
			<key>fileType</key>
			<string>wrapper.cfbundle</string>
			<key>isa</key>
			<string>PBXReferenceProxy</string>
			<key>path</key>
			<string>StringBuilderTests.xctest</string>
			<key>remoteRef</key>
			<string>A497720B19DB8F0800A6590F</string>
			<key>sourceTree</key>
			<string>BUILT_PRODUCTS_DIR</string>
		</dict>
		<key>A497720D19DB8F1700A6590F</key>
		<dict>
			<key>fileRef</key>
			<string>A497720A19DB8F0800A6590F</string>
			<key>isa</key>
			<string>PBXBuildFile</string>
		</dict>
		<key>A4A3AE5819E9830700FF5CBD</key>
		<dict>
			<key>fileEncoding</key>
			<string>4</string>
			<key>isa</key>
			<string>PBXFileReference</string>
			<key>lastKnownFileType</key>
			<string>sourcecode.swift</string>
			<key>path</key>
			<string>LicenseResolver.swift</string>
			<key>sourceTree</key>
			<string>&lt;group&gt;</string>
		</dict>
		<key>A4A3AE5919E9830700FF5CBD</key>
		<dict>
			<key>fileRef</key>
			<string>A4A3AE5819E9830700FF5CBD</string>
			<key>isa</key>
			<string>PBXBuildFile</string>
		</dict>
		<key>A4A3AE5A19E98B6D00FF5CBD</key>
		<dict>
			<key>fileEncoding</key>
			<string>4</string>
			<key>isa</key>
			<string>PBXFileReference</string>
			<key>lastKnownFileType</key>
			<string>sourcecode.swift</string>
			<key>name</key>
			<string>CustomLicense.swift</string>
			<key>path</key>
			<string>CustomLicense.swift</string>
			<key>sourceTree</key>
			<string>&lt;group&gt;</string>
		</dict>
		<key>A4A3AE5B19E98B6D00FF5CBD</key>
		<dict>
			<key>fileRef</key>
			<string>A4A3AE5A19E98B6D00FF5CBD</string>
			<key>isa</key>
			<string>PBXBuildFile</string>
		</dict>
		<key>A4A3AE5C19E98FD100FF5CBD</key>
		<dict>
			<key>fileEncoding</key>
			<string>4</string>
			<key>isa</key>
			<string>PBXFileReference</string>
			<key>lastKnownFileType</key>
			<string>text.json</string>
			<key>path</key>
			<string>Notices.json</string>
			<key>sourceTree</key>
			<string>&lt;group&gt;</string>
		</dict>
		<key>A4A3AE5E19E98FD100FF5CBD</key>
		<dict>
			<key>fileRef</key>
			<string>A4A3AE5C19E98FD100FF5CBD</string>
			<key>isa</key>
			<string>PBXBuildFile</string>
		</dict>
		<key>A4A3AE9D19ECAC7500FF5CBD</key>
		<dict>
			<key>fileEncoding</key>
			<string>4</string>
			<key>isa</key>
			<string>PBXFileReference</string>
			<key>lastKnownFileType</key>
			<string>file.xib</string>
			<key>path</key>
			<string>LicensesViewController.xib</string>
			<key>sourceTree</key>
			<string>&lt;group&gt;</string>
		</dict>
		<key>A4A3AE9E19ECAC7500FF5CBD</key>
		<dict>
			<key>fileRef</key>
			<string>A4A3AE9D19ECAC7500FF5CBD</string>
			<key>isa</key>
			<string>PBXBuildFile</string>
		</dict>
		<key>A4D0D25419DA22AC004F028B</key>
		<dict>
			<key>children</key>
			<array>
				<string>A4D0D26019DA22AC004F028B</string>
				<string>A4D0D26A19DA22AC004F028B</string>
				<string>A4D0D25F19DA22AC004F028B</string>
			</array>
			<key>isa</key>
			<string>PBXGroup</string>
			<key>sourceTree</key>
			<string>&lt;group&gt;</string>
		</dict>
		<key>A4D0D25519DA22AC004F028B</key>
		<dict>
			<key>attributes</key>
			<dict>
				<key>LastUpgradeCheck</key>
				<string>0600</string>
				<key>ORGANIZATIONNAME</key>
				<string>Matthew Wyskiel</string>
				<key>TargetAttributes</key>
				<dict>
					<key>A4D0D25D19DA22AC004F028B</key>
					<dict>
						<key>CreatedOnToolsVersion</key>
						<string>6.0.1</string>
					</dict>
					<key>A4D0D26819DA22AC004F028B</key>
					<dict>
						<key>CreatedOnToolsVersion</key>
						<string>6.0.1</string>
					</dict>
				</dict>
			</dict>
			<key>buildConfigurationList</key>
			<string>A4D0D25819DA22AC004F028B</string>
			<key>compatibilityVersion</key>
			<string>Xcode 3.2</string>
			<key>developmentRegion</key>
			<string>English</string>
			<key>hasScannedForEncodings</key>
			<string>0</string>
			<key>isa</key>
			<string>PBXProject</string>
			<key>knownRegions</key>
			<array>
				<string>en</string>
			</array>
			<key>mainGroup</key>
			<string>A4D0D25419DA22AC004F028B</string>
			<key>productRefGroup</key>
			<string>A4D0D25F19DA22AC004F028B</string>
			<key>projectDirPath</key>
			<string></string>
			<key>projectReferences</key>
			<array>
				<dict>
					<key>ProductGroup</key>
					<string>A497720519DB8F0800A6590F</string>
					<key>ProjectRef</key>
					<string>A497720419DB8F0800A6590F</string>
				</dict>
			</array>
			<key>projectRoot</key>
			<string></string>
			<key>targets</key>
			<array>
				<string>A4D0D25D19DA22AC004F028B</string>
				<string>A4D0D26819DA22AC004F028B</string>
			</array>
		</dict>
		<key>A4D0D25819DA22AC004F028B</key>
		<dict>
			<key>buildConfigurations</key>
			<array>
				<string>A4D0D26F19DA22AC004F028B</string>
				<string>A4D0D27019DA22AC004F028B</string>
			</array>
			<key>defaultConfigurationIsVisible</key>
			<string>0</string>
			<key>defaultConfigurationName</key>
			<string>Release</string>
			<key>isa</key>
			<string>XCConfigurationList</string>
		</dict>
		<key>A4D0D25919DA22AC004F028B</key>
		<dict>
			<key>buildActionMask</key>
			<string>2147483647</string>
			<key>files</key>
			<array>
				<string>A459639119DCD0C2001AC2CA</string>
				<string>A4D0D27A19DA27DD004F028B</string>
				<string>A4D0D2CB19DA35DB004F028B</string>
				<string>A4A3AE5919E9830700FF5CBD</string>
				<string>A4D0D2CF19DA36AD004F028B</string>
				<string>A4D0D27C19DA2882004F028B</string>
				<string>A4D0D2CD19DA362F004F028B</string>
				<string>A4D0D2C519DA348F004F028B</string>
				<string>A4A3AE5B19E98B6D00FF5CBD</string>
				<string>A4D0D2D119DA3718004F028B</string>
				<string>A4D0D2C319DA32A4004F028B</string>
				<string>A4D0D2C919DA357A004F028B</string>
				<string>A4D0D2C719DA350E004F028B</string>
				<string>A4D0D2D319DA39D8004F028B</string>
			</array>
			<key>isa</key>
			<string>PBXSourcesBuildPhase</string>
			<key>runOnlyForDeploymentPostprocessing</key>
			<string>0</string>
		</dict>
		<key>A4D0D25A19DA22AC004F028B</key>
		<dict>
			<key>buildActionMask</key>
			<string>2147483647</string>
			<key>files</key>
			<array>
				<string>A497720D19DB8F1700A6590F</string>
			</array>
			<key>isa</key>
			<string>PBXFrameworksBuildPhase</string>
			<key>runOnlyForDeploymentPostprocessing</key>
			<string>0</string>
		</dict>
		<key>A4D0D25B19DA22AC004F028B</key>
		<dict>
			<key>buildActionMask</key>
			<string>2147483647</string>
			<key>files</key>
			<array>
				<string>A4D0D26419DA22AC004F028B</string>
			</array>
			<key>isa</key>
			<string>PBXHeadersBuildPhase</string>
			<key>runOnlyForDeploymentPostprocessing</key>
			<string>0</string>
		</dict>
		<key>A4D0D25C19DA22AC004F028B</key>
		<dict>
			<key>buildActionMask</key>
			<string>2147483647</string>
			<key>files</key>
			<array>
				<string>A4D0D2BF19DA2C76004F028B</string>
				<string>A4D0D2B919DA2C76004F028B</string>
				<string>A4D0D2BE19DA2C76004F028B</string>
				<string>A4D0D2BC19DA2C76004F028B</string>
				<string>A4D0D2C019DA2C76004F028B</string>
				<string>A4D0D2BB19DA2C76004F028B</string>
				<string>A4A3AE9E19ECAC7500FF5CBD</string>
				<string>A4D0D2B219DA2C76004F028B</string>
				<string>A4D0D2B819DA2C76004F028B</string>
				<string>A4D0D2B119DA2C76004F028B</string>
				<string>A4D0D2B619DA2C76004F028B</string>
				<string>A4D0D2B519DA2C76004F028B</string>
				<string>A4D0D2B319DA2C76004F028B</string>
				<string>A4D0D2B719DA2C76004F028B</string>
				<string>A4D0D2BA19DA2C76004F028B</string>
				<string>A4D0D2BD19DA2C76004F028B</string>
				<string>A4A3AE5E19E98FD100FF5CBD</string>
				<string>A4D0D2B419DA2C76004F028B</string>
			</array>
			<key>isa</key>
			<string>PBXResourcesBuildPhase</string>
			<key>runOnlyForDeploymentPostprocessing</key>
			<string>0</string>
		</dict>
		<key>A4D0D25D19DA22AC004F028B</key>
		<dict>
			<key>buildConfigurationList</key>
			<string>A4D0D27119DA22AC004F028B</string>
			<key>buildPhases</key>
			<array>
				<string>A4D0D25919DA22AC004F028B</string>
				<string>A4D0D25A19DA22AC004F028B</string>
				<string>A4D0D25B19DA22AC004F028B</string>
				<string>A4D0D25C19DA22AC004F028B</string>
			</array>
			<key>buildRules</key>
			<array/>
			<key>dependencies</key>
			<array/>
			<key>isa</key>
			<string>PBXNativeTarget</string>
			<key>name</key>
			<string>LicensesKit</string>
			<key>productName</key>
			<string>LicensesKit</string>
			<key>productReference</key>
			<string>A4D0D25E19DA22AC004F028B</string>
			<key>productType</key>
			<string>com.apple.product-type.framework</string>
		</dict>
		<key>A4D0D25E19DA22AC004F028B</key>
		<dict>
			<key>explicitFileType</key>
			<string>wrapper.framework</string>
			<key>includeInIndex</key>
			<string>0</string>
			<key>isa</key>
			<string>PBXFileReference</string>
			<key>path</key>
			<string>LicensesKit.framework</string>
			<key>sourceTree</key>
			<string>BUILT_PRODUCTS_DIR</string>
		</dict>
		<key>A4D0D25F19DA22AC004F028B</key>
		<dict>
			<key>children</key>
			<array>
				<string>A4D0D25E19DA22AC004F028B</string>
				<string>A4D0D26919DA22AC004F028B</string>
			</array>
			<key>isa</key>
			<string>PBXGroup</string>
			<key>name</key>
			<string>Products</string>
			<key>sourceTree</key>
			<string>&lt;group&gt;</string>
		</dict>
		<key>A4D0D26019DA22AC004F028B</key>
		<dict>
			<key>children</key>
			<array>
				<string>A4D0D27719DA26FC004F028B</string>
				<string>A4D0D26319DA22AC004F028B</string>
				<string>A4D0D26119DA22AC004F028B</string>
				<string>A4D0D2D219DA39D8004F028B</string>
				<string>A49771DD19DB83A600A6590F</string>
				<string>A459639019DCD0C2001AC2CA</string>
				<string>A4A3AE9D19ECAC7500FF5CBD</string>
			</array>
			<key>isa</key>
			<string>PBXGroup</string>
			<key>path</key>
			<string>LicensesKit</string>
			<key>sourceTree</key>
			<string>&lt;group&gt;</string>
		</dict>
		<key>A4D0D26119DA22AC004F028B</key>
		<dict>
			<key>children</key>
			<array>
				<string>A497720419DB8F0800A6590F</string>
				<string>A4D0D27D19DA29A1004F028B</string>
				<string>A4D0D26219DA22AC004F028B</string>
				<string>A4A3AE5C19E98FD100FF5CBD</string>
			</array>
			<key>isa</key>
			<string>PBXGroup</string>
			<key>name</key>
			<string>Supporting Files</string>
			<key>path</key>
			<string>Supporting Files</string>
			<key>sourceTree</key>
			<string>&lt;group&gt;</string>
		</dict>
		<key>A4D0D26219DA22AC004F028B</key>
		<dict>
			<key>isa</key>
			<string>PBXFileReference</string>
			<key>lastKnownFileType</key>
			<string>text.plist.xml</string>
			<key>path</key>
			<string>Info.plist</string>
			<key>sourceTree</key>
			<string>&lt;group&gt;</string>
		</dict>
		<key>A4D0D26319DA22AC004F028B</key>
		<dict>
			<key>isa</key>
			<string>PBXFileReference</string>
			<key>lastKnownFileType</key>
			<string>sourcecode.c.h</string>
			<key>path</key>
			<string>LicensesKit.h</string>
			<key>sourceTree</key>
			<string>&lt;group&gt;</string>
		</dict>
		<key>A4D0D26419DA22AC004F028B</key>
		<dict>
			<key>fileRef</key>
			<string>A4D0D26319DA22AC004F028B</string>
			<key>isa</key>
			<string>PBXBuildFile</string>
			<key>settings</key>
			<dict>
				<key>ATTRIBUTES</key>
				<array>
					<string>Public</string>
				</array>
			</dict>
		</dict>
		<key>A4D0D26519DA22AC004F028B</key>
		<dict>
			<key>buildActionMask</key>
			<string>2147483647</string>
			<key>files</key>
			<array>
				<string>A4D0D26E19DA22AC004F028B</string>
			</array>
			<key>isa</key>
			<string>PBXSourcesBuildPhase</string>
			<key>runOnlyForDeploymentPostprocessing</key>
			<string>0</string>
		</dict>
		<key>A4D0D26619DA22AC004F028B</key>
		<dict>
			<key>buildActionMask</key>
			<string>2147483647</string>
			<key>files</key>
			<array/>
			<key>isa</key>
			<string>PBXFrameworksBuildPhase</string>
			<key>runOnlyForDeploymentPostprocessing</key>
			<string>0</string>
		</dict>
		<key>A4D0D26719DA22AC004F028B</key>
		<dict>
			<key>buildActionMask</key>
			<string>2147483647</string>
			<key>files</key>
			<array/>
			<key>isa</key>
			<string>PBXResourcesBuildPhase</string>
			<key>runOnlyForDeploymentPostprocessing</key>
			<string>0</string>
		</dict>
		<key>A4D0D26819DA22AC004F028B</key>
		<dict>
			<key>buildConfigurationList</key>
			<string>A4D0D27419DA22AC004F028B</string>
			<key>buildPhases</key>
			<array>
				<string>A4D0D26519DA22AC004F028B</string>
				<string>A4D0D26619DA22AC004F028B</string>
				<string>A4D0D26719DA22AC004F028B</string>
			</array>
			<key>buildRules</key>
			<array/>
			<key>dependencies</key>
			<array/>
			<key>isa</key>
			<string>PBXNativeTarget</string>
			<key>name</key>
			<string>LicensesKitTests</string>
			<key>productName</key>
			<string>LicensesKitTests</string>
			<key>productReference</key>
			<string>A4D0D26919DA22AC004F028B</string>
			<key>productType</key>
			<string>com.apple.product-type.bundle.unit-test</string>
		</dict>
		<key>A4D0D26919DA22AC004F028B</key>
		<dict>
			<key>explicitFileType</key>
			<string>wrapper.cfbundle</string>
			<key>includeInIndex</key>
			<string>0</string>
			<key>isa</key>
			<string>PBXFileReference</string>
			<key>path</key>
			<string>LicensesKitTests.xctest</string>
			<key>sourceTree</key>
			<string>BUILT_PRODUCTS_DIR</string>
		</dict>
		<key>A4D0D26A19DA22AC004F028B</key>
		<dict>
			<key>children</key>
			<array>
				<string>A4D0D26D19DA22AC004F028B</string>
				<string>A4D0D26B19DA22AC004F028B</string>
			</array>
			<key>isa</key>
			<string>PBXGroup</string>
			<key>path</key>
			<string>LicensesKitTests</string>
			<key>sourceTree</key>
			<string>&lt;group&gt;</string>
		</dict>
		<key>A4D0D26B19DA22AC004F028B</key>
		<dict>
			<key>children</key>
			<array>
				<string>A4D0D26C19DA22AC004F028B</string>
			</array>
			<key>isa</key>
			<string>PBXGroup</string>
			<key>name</key>
			<string>Supporting Files</string>
			<key>sourceTree</key>
			<string>&lt;group&gt;</string>
		</dict>
		<key>A4D0D26C19DA22AC004F028B</key>
		<dict>
			<key>isa</key>
			<string>PBXFileReference</string>
			<key>lastKnownFileType</key>
			<string>text.plist.xml</string>
			<key>path</key>
			<string>Info.plist</string>
			<key>sourceTree</key>
			<string>&lt;group&gt;</string>
		</dict>
		<key>A4D0D26D19DA22AC004F028B</key>
		<dict>
			<key>isa</key>
			<string>PBXFileReference</string>
			<key>lastKnownFileType</key>
			<string>sourcecode.swift</string>
			<key>path</key>
			<string>LicensesKitTests.swift</string>
			<key>sourceTree</key>
			<string>&lt;group&gt;</string>
		</dict>
		<key>A4D0D26E19DA22AC004F028B</key>
		<dict>
			<key>fileRef</key>
			<string>A4D0D26D19DA22AC004F028B</string>
			<key>isa</key>
			<string>PBXBuildFile</string>
		</dict>
		<key>A4D0D26F19DA22AC004F028B</key>
		<dict>
			<key>buildSettings</key>
			<dict>
				<key>ALWAYS_SEARCH_USER_PATHS</key>
				<string>NO</string>
				<key>CLANG_CXX_LANGUAGE_STANDARD</key>
				<string>gnu++0x</string>
				<key>CLANG_CXX_LIBRARY</key>
				<string>libc++</string>
				<key>CLANG_ENABLE_MODULES</key>
				<string>YES</string>
				<key>CLANG_ENABLE_OBJC_ARC</key>
				<string>YES</string>
				<key>CLANG_WARN_BOOL_CONVERSION</key>
				<string>YES</string>
				<key>CLANG_WARN_CONSTANT_CONVERSION</key>
				<string>YES</string>
				<key>CLANG_WARN_DIRECT_OBJC_ISA_USAGE</key>
				<string>YES_ERROR</string>
				<key>CLANG_WARN_EMPTY_BODY</key>
				<string>YES</string>
				<key>CLANG_WARN_ENUM_CONVERSION</key>
				<string>YES</string>
				<key>CLANG_WARN_INT_CONVERSION</key>
				<string>YES</string>
				<key>CLANG_WARN_OBJC_ROOT_CLASS</key>
				<string>YES_ERROR</string>
				<key>CLANG_WARN_UNREACHABLE_CODE</key>
				<string>YES</string>
				<key>CLANG_WARN__DUPLICATE_METHOD_MATCH</key>
				<string>YES</string>
				<key>CODE_SIGN_IDENTITY[sdk=iphoneos*]</key>
				<string>iPhone Developer</string>
				<key>COPY_PHASE_STRIP</key>
				<string>NO</string>
				<key>CURRENT_PROJECT_VERSION</key>
				<string>1</string>
				<key>ENABLE_STRICT_OBJC_MSGSEND</key>
				<string>YES</string>
				<key>GCC_C_LANGUAGE_STANDARD</key>
				<string>gnu99</string>
				<key>GCC_DYNAMIC_NO_PIC</key>
				<string>NO</string>
				<key>GCC_OPTIMIZATION_LEVEL</key>
				<string>0</string>
				<key>GCC_PREPROCESSOR_DEFINITIONS</key>
				<array>
					<string>DEBUG=1</string>
					<string>$(inherited)</string>
				</array>
				<key>GCC_SYMBOLS_PRIVATE_EXTERN</key>
				<string>NO</string>
				<key>GCC_WARN_64_TO_32_BIT_CONVERSION</key>
				<string>YES</string>
				<key>GCC_WARN_ABOUT_RETURN_TYPE</key>
				<string>YES_ERROR</string>
				<key>GCC_WARN_UNDECLARED_SELECTOR</key>
				<string>YES</string>
				<key>GCC_WARN_UNINITIALIZED_AUTOS</key>
				<string>YES_AGGRESSIVE</string>
				<key>GCC_WARN_UNUSED_FUNCTION</key>
				<string>YES</string>
				<key>GCC_WARN_UNUSED_VARIABLE</key>
				<string>YES</string>
				<key>IPHONEOS_DEPLOYMENT_TARGET</key>
				<string>8.0</string>
				<key>MTL_ENABLE_DEBUG_INFO</key>
				<string>YES</string>
				<key>ONLY_ACTIVE_ARCH</key>
				<string>YES</string>
				<key>SDKROOT</key>
				<string>iphoneos</string>
				<key>SWIFT_OPTIMIZATION_LEVEL</key>
				<string>-Onone</string>
				<key>TARGETED_DEVICE_FAMILY</key>
				<string>1,2</string>
				<key>VERSIONING_SYSTEM</key>
				<string>apple-generic</string>
				<key>VERSION_INFO_PREFIX</key>
				<string></string>
			</dict>
			<key>isa</key>
			<string>XCBuildConfiguration</string>
			<key>name</key>
			<string>Debug</string>
		</dict>
		<key>A4D0D27019DA22AC004F028B</key>
		<dict>
			<key>buildSettings</key>
			<dict>
				<key>ALWAYS_SEARCH_USER_PATHS</key>
				<string>NO</string>
				<key>CLANG_CXX_LANGUAGE_STANDARD</key>
				<string>gnu++0x</string>
				<key>CLANG_CXX_LIBRARY</key>
				<string>libc++</string>
				<key>CLANG_ENABLE_MODULES</key>
				<string>YES</string>
				<key>CLANG_ENABLE_OBJC_ARC</key>
				<string>YES</string>
				<key>CLANG_WARN_BOOL_CONVERSION</key>
				<string>YES</string>
				<key>CLANG_WARN_CONSTANT_CONVERSION</key>
				<string>YES</string>
				<key>CLANG_WARN_DIRECT_OBJC_ISA_USAGE</key>
				<string>YES_ERROR</string>
				<key>CLANG_WARN_EMPTY_BODY</key>
				<string>YES</string>
				<key>CLANG_WARN_ENUM_CONVERSION</key>
				<string>YES</string>
				<key>CLANG_WARN_INT_CONVERSION</key>
				<string>YES</string>
				<key>CLANG_WARN_OBJC_ROOT_CLASS</key>
				<string>YES_ERROR</string>
				<key>CLANG_WARN_UNREACHABLE_CODE</key>
				<string>YES</string>
				<key>CLANG_WARN__DUPLICATE_METHOD_MATCH</key>
				<string>YES</string>
				<key>CODE_SIGN_IDENTITY[sdk=iphoneos*]</key>
				<string>iPhone Developer</string>
				<key>COPY_PHASE_STRIP</key>
				<string>YES</string>
				<key>CURRENT_PROJECT_VERSION</key>
				<string>1</string>
				<key>ENABLE_NS_ASSERTIONS</key>
				<string>NO</string>
				<key>ENABLE_STRICT_OBJC_MSGSEND</key>
				<string>YES</string>
				<key>GCC_C_LANGUAGE_STANDARD</key>
				<string>gnu99</string>
				<key>GCC_WARN_64_TO_32_BIT_CONVERSION</key>
				<string>YES</string>
				<key>GCC_WARN_ABOUT_RETURN_TYPE</key>
				<string>YES_ERROR</string>
				<key>GCC_WARN_UNDECLARED_SELECTOR</key>
				<string>YES</string>
				<key>GCC_WARN_UNINITIALIZED_AUTOS</key>
				<string>YES_AGGRESSIVE</string>
				<key>GCC_WARN_UNUSED_FUNCTION</key>
				<string>YES</string>
				<key>GCC_WARN_UNUSED_VARIABLE</key>
				<string>YES</string>
				<key>IPHONEOS_DEPLOYMENT_TARGET</key>
				<string>8.0</string>
				<key>MTL_ENABLE_DEBUG_INFO</key>
				<string>NO</string>
				<key>SDKROOT</key>
				<string>iphoneos</string>
				<key>TARGETED_DEVICE_FAMILY</key>
				<string>1,2</string>
				<key>VALIDATE_PRODUCT</key>
				<string>YES</string>
				<key>VERSIONING_SYSTEM</key>
				<string>apple-generic</string>
				<key>VERSION_INFO_PREFIX</key>
				<string></string>
			</dict>
			<key>isa</key>
			<string>XCBuildConfiguration</string>
			<key>name</key>
			<string>Release</string>
		</dict>
		<key>A4D0D27119DA22AC004F028B</key>
		<dict>
			<key>buildConfigurations</key>
			<array>
				<string>A4D0D27219DA22AC004F028B</string>
				<string>A4D0D27319DA22AC004F028B</string>
			</array>
			<key>defaultConfigurationIsVisible</key>
			<string>0</string>
			<key>defaultConfigurationName</key>
			<string>Release</string>
			<key>isa</key>
			<string>XCConfigurationList</string>
		</dict>
		<key>A4D0D27219DA22AC004F028B</key>
		<dict>
			<key>buildSettings</key>
			<dict>
				<key>CLANG_ENABLE_MODULES</key>
				<string>YES</string>
				<key>DEFINES_MODULE</key>
				<string>YES</string>
				<key>DYLIB_COMPATIBILITY_VERSION</key>
				<string>1</string>
				<key>DYLIB_CURRENT_VERSION</key>
				<string>1</string>
				<key>DYLIB_INSTALL_NAME_BASE</key>
				<string>@rpath</string>
				<key>INFOPLIST_FILE</key>
				<string>LicensesKit/Supporting Files/Info.plist</string>
				<key>INSTALL_PATH</key>
				<string>@rpath</string>
				<key>LD_RUNPATH_SEARCH_PATHS</key>
				<string>$(inherited) @executable_path/Frameworks @loader_path/Frameworks</string>
				<key>PRODUCT_NAME</key>
				<string>$(TARGET_NAME)</string>
				<key>SKIP_INSTALL</key>
				<string>YES</string>
				<key>SWIFT_OPTIMIZATION_LEVEL</key>
				<string>-Onone</string>
			</dict>
			<key>isa</key>
			<string>XCBuildConfiguration</string>
			<key>name</key>
			<string>Debug</string>
		</dict>
		<key>A4D0D27319DA22AC004F028B</key>
		<dict>
			<key>buildSettings</key>
			<dict>
				<key>CLANG_ENABLE_MODULES</key>
				<string>YES</string>
				<key>DEFINES_MODULE</key>
				<string>YES</string>
				<key>DYLIB_COMPATIBILITY_VERSION</key>
				<string>1</string>
				<key>DYLIB_CURRENT_VERSION</key>
				<string>1</string>
				<key>DYLIB_INSTALL_NAME_BASE</key>
				<string>@rpath</string>
				<key>INFOPLIST_FILE</key>
				<string>LicensesKit/Supporting Files/Info.plist</string>
				<key>INSTALL_PATH</key>
				<string>@rpath</string>
				<key>LD_RUNPATH_SEARCH_PATHS</key>
				<string>$(inherited) @executable_path/Frameworks @loader_path/Frameworks</string>
				<key>PRODUCT_NAME</key>
				<string>$(TARGET_NAME)</string>
				<key>SKIP_INSTALL</key>
				<string>YES</string>
			</dict>
			<key>isa</key>
			<string>XCBuildConfiguration</string>
			<key>name</key>
			<string>Release</string>
		</dict>
		<key>A4D0D27419DA22AC004F028B</key>
		<dict>
			<key>buildConfigurations</key>
			<array>
				<string>A4D0D27519DA22AC004F028B</string>
				<string>A4D0D27619DA22AC004F028B</string>
			</array>
			<key>defaultConfigurationIsVisible</key>
			<string>0</string>
			<key>defaultConfigurationName</key>
			<string>Release</string>
			<key>isa</key>
			<string>XCConfigurationList</string>
		</dict>
		<key>A4D0D27519DA22AC004F028B</key>
		<dict>
			<key>buildSettings</key>
			<dict>
				<key>FRAMEWORK_SEARCH_PATHS</key>
				<array>
					<string>$(SDKROOT)/Developer/Library/Frameworks</string>
					<string>$(inherited)</string>
				</array>
				<key>GCC_PREPROCESSOR_DEFINITIONS</key>
				<array>
					<string>DEBUG=1</string>
					<string>$(inherited)</string>
				</array>
				<key>INFOPLIST_FILE</key>
				<string>LicensesKitTests/Info.plist</string>
				<key>LD_RUNPATH_SEARCH_PATHS</key>
				<string>$(inherited) @executable_path/Frameworks @loader_path/Frameworks</string>
				<key>PRODUCT_NAME</key>
				<string>$(TARGET_NAME)</string>
			</dict>
			<key>isa</key>
			<string>XCBuildConfiguration</string>
			<key>name</key>
			<string>Debug</string>
		</dict>
		<key>A4D0D27619DA22AC004F028B</key>
		<dict>
			<key>buildSettings</key>
			<dict>
				<key>FRAMEWORK_SEARCH_PATHS</key>
				<array>
					<string>$(SDKROOT)/Developer/Library/Frameworks</string>
					<string>$(inherited)</string>
				</array>
				<key>INFOPLIST_FILE</key>
				<string>LicensesKitTests/Info.plist</string>
				<key>LD_RUNPATH_SEARCH_PATHS</key>
				<string>$(inherited) @executable_path/Frameworks @loader_path/Frameworks</string>
				<key>PRODUCT_NAME</key>
				<string>$(TARGET_NAME)</string>
			</dict>
			<key>isa</key>
			<string>XCBuildConfiguration</string>
			<key>name</key>
			<string>Release</string>
		</dict>
		<key>A4D0D27719DA26FC004F028B</key>
		<dict>
			<key>children</key>
			<array>
				<string>A4D0D27919DA27DD004F028B</string>
				<string>A4D0D27819DA2700004F028B</string>
				<string>A4A3AE5819E9830700FF5CBD</string>
			</array>
			<key>isa</key>
			<string>PBXGroup</string>
			<key>name</key>
			<string>Model</string>
			<key>path</key>
			<string>Model</string>
			<key>sourceTree</key>
			<string>&lt;group&gt;</string>
		</dict>
		<key>A4D0D27819DA2700004F028B</key>
		<dict>
			<key>children</key>
			<array>
				<string>A4D0D27B19DA2882004F028B</string>
				<string>A4D0D2C219DA32A4004F028B</string>
				<string>A4D0D2C419DA348F004F028B</string>
				<string>A4D0D2C619DA350E004F028B</string>
				<string>A4D0D2C819DA357A004F028B</string>
				<string>A4D0D2CA19DA35DB004F028B</string>
				<string>A4D0D2CC19DA362F004F028B</string>
				<string>A4D0D2CE19DA36AD004F028B</string>
				<string>A4D0D2D019DA3718004F028B</string>
				<string>A4A3AE5A19E98B6D00FF5CBD</string>
			</array>
			<key>isa</key>
			<string>PBXGroup</string>
			<key>name</key>
			<string>Licenses</string>
			<key>path</key>
			<string>Licenses</string>
			<key>sourceTree</key>
			<string>&lt;group&gt;</string>
		</dict>
		<key>A4D0D27919DA27DD004F028B</key>
		<dict>
			<key>fileEncoding</key>
			<string>4</string>
			<key>isa</key>
			<string>PBXFileReference</string>
			<key>lastKnownFileType</key>
			<string>sourcecode.swift</string>
			<key>name</key>
			<string>Notice.swift</string>
			<key>path</key>
			<string>Notice.swift</string>
			<key>sourceTree</key>
			<string>&lt;group&gt;</string>
		</dict>
		<key>A4D0D27A19DA27DD004F028B</key>
		<dict>
			<key>fileRef</key>
			<string>A4D0D27919DA27DD004F028B</string>
			<key>isa</key>
			<string>PBXBuildFile</string>
		</dict>
		<key>A4D0D27B19DA2882004F028B</key>
		<dict>
			<key>fileEncoding</key>
			<string>4</string>
			<key>isa</key>
			<string>PBXFileReference</string>
			<key>lastKnownFileType</key>
			<string>sourcecode.swift</string>
			<key>name</key>
			<string>License.swift</string>
			<key>path</key>
			<string>License.swift</string>
			<key>sourceTree</key>
			<string>&lt;group&gt;</string>
		</dict>
		<key>A4D0D27C19DA2882004F028B</key>
		<dict>
			<key>fileRef</key>
			<string>A4D0D27B19DA2882004F028B</string>
			<key>isa</key>
			<string>PBXBuildFile</string>
		</dict>
		<key>A4D0D27D19DA29A1004F028B</key>
		<dict>
			<key>children</key>
			<array>
				<string>A4D0D2A019DA2C76004F028B</string>
				<string>A4D0D2A119DA2C76004F028B</string>
				<string>A4D0D2A219DA2C76004F028B</string>
				<string>A4D0D2A319DA2C76004F028B</string>
				<string>A4D0D2A419DA2C76004F028B</string>
				<string>A4D0D2A519DA2C76004F028B</string>
				<string>A4D0D2A619DA2C76004F028B</string>
				<string>A4D0D2A719DA2C76004F028B</string>
				<string>A4D0D2A819DA2C76004F028B</string>
				<string>A4D0D2A919DA2C76004F028B</string>
				<string>A4D0D2AA19DA2C76004F028B</string>
				<string>A4D0D2AB19DA2C76004F028B</string>
				<string>A4D0D2AC19DA2C76004F028B</string>
				<string>A4D0D2AD19DA2C76004F028B</string>
				<string>A4D0D2AE19DA2C76004F028B</string>
				<string>A4D0D2AF19DA2C76004F028B</string>
			</array>
			<key>isa</key>
			<string>PBXGroup</string>
			<key>name</key>
			<string>Licenses</string>
			<key>path</key>
			<string>Licenses</string>
			<key>sourceTree</key>
			<string>&lt;group&gt;</string>
		</dict>
		<key>A4D0D2A019DA2C76004F028B</key>
		<dict>
			<key>fileEncoding</key>
			<string>4</string>
			<key>isa</key>
			<string>PBXFileReference</string>
			<key>lastKnownFileType</key>
			<string>text</string>
			<key>name</key>
			<string>asl_20_full.txt</string>
			<key>path</key>
			<string>asl_20_full.txt</string>
			<key>sourceTree</key>
			<string>&lt;group&gt;</string>
		</dict>
		<key>A4D0D2A119DA2C76004F028B</key>
		<dict>
			<key>fileEncoding</key>
			<string>4</string>
			<key>isa</key>
			<string>PBXFileReference</string>
			<key>lastKnownFileType</key>
			<string>text</string>
			<key>name</key>
			<string>asl_20_summary.txt</string>
			<key>path</key>
			<string>asl_20_summary.txt</string>
			<key>sourceTree</key>
			<string>&lt;group&gt;</string>
		</dict>
		<key>A4D0D2A219DA2C76004F028B</key>
		<dict>
			<key>fileEncoding</key>
			<string>4</string>
			<key>isa</key>
			<string>PBXFileReference</string>
			<key>lastKnownFileType</key>
			<string>text</string>
			<key>name</key>
			<string>bsd3_full.txt</string>
			<key>path</key>
			<string>bsd3_full.txt</string>
			<key>sourceTree</key>
			<string>&lt;group&gt;</string>
		</dict>
		<key>A4D0D2A319DA2C76004F028B</key>
		<dict>
			<key>fileEncoding</key>
			<string>4</string>
			<key>isa</key>
			<string>PBXFileReference</string>
			<key>lastKnownFileType</key>
			<string>text</string>
			<key>name</key>
			<string>bsd3_summary.txt</string>
			<key>path</key>
			<string>bsd3_summary.txt</string>
			<key>sourceTree</key>
			<string>&lt;group&gt;</string>
		</dict>
		<key>A4D0D2A419DA2C76004F028B</key>
		<dict>
			<key>fileEncoding</key>
			<string>4</string>
			<key>isa</key>
			<string>PBXFileReference</string>
			<key>lastKnownFileType</key>
			<string>text</string>
			<key>name</key>
			<string>ccand_30_full.txt</string>
			<key>path</key>
			<string>ccand_30_full.txt</string>
			<key>sourceTree</key>
			<string>&lt;group&gt;</string>
		</dict>
		<key>A4D0D2A519DA2C76004F028B</key>
		<dict>
			<key>fileEncoding</key>
			<string>4</string>
			<key>isa</key>
			<string>PBXFileReference</string>
			<key>lastKnownFileType</key>
			<string>text</string>
			<key>name</key>
			<string>ccand_30_summary.txt</string>
			<key>path</key>
			<string>ccand_30_summary.txt</string>
			<key>sourceTree</key>
			<string>&lt;group&gt;</string>
		</dict>
		<key>A4D0D2A619DA2C76004F028B</key>
		<dict>
			<key>fileEncoding</key>
			<string>4</string>
			<key>isa</key>
			<string>PBXFileReference</string>
			<key>lastKnownFileType</key>
			<string>text</string>
			<key>name</key>
			<string>gpl_20_full.txt</string>
			<key>path</key>
			<string>gpl_20_full.txt</string>
			<key>sourceTree</key>
			<string>&lt;group&gt;</string>
		</dict>
		<key>A4D0D2A719DA2C76004F028B</key>
		<dict>
			<key>fileEncoding</key>
			<string>4</string>
			<key>isa</key>
			<string>PBXFileReference</string>
			<key>lastKnownFileType</key>
			<string>text</string>
			<key>name</key>
			<string>gpl_20_summary.txt</string>
			<key>path</key>
			<string>gpl_20_summary.txt</string>
			<key>sourceTree</key>
			<string>&lt;group&gt;</string>
		</dict>
		<key>A4D0D2A819DA2C76004F028B</key>
		<dict>
			<key>fileEncoding</key>
			<string>4</string>
			<key>isa</key>
			<string>PBXFileReference</string>
			<key>lastKnownFileType</key>
			<string>text</string>
			<key>name</key>
			<string>gpl_30_full.txt</string>
			<key>path</key>
			<string>gpl_30_full.txt</string>
			<key>sourceTree</key>
			<string>&lt;group&gt;</string>
		</dict>
		<key>A4D0D2A919DA2C76004F028B</key>
		<dict>
			<key>fileEncoding</key>
			<string>4</string>
			<key>isa</key>
			<string>PBXFileReference</string>
			<key>lastKnownFileType</key>
			<string>text</string>
			<key>name</key>
			<string>gpl_30_summary.txt</string>
			<key>path</key>
			<string>gpl_30_summary.txt</string>
			<key>sourceTree</key>
			<string>&lt;group&gt;</string>
		</dict>
		<key>A4D0D2AA19DA2C76004F028B</key>
		<dict>
			<key>fileEncoding</key>
			<string>4</string>
			<key>isa</key>
			<string>PBXFileReference</string>
			<key>lastKnownFileType</key>
			<string>text</string>
			<key>name</key>
			<string>isc_full.txt</string>
			<key>path</key>
			<string>isc_full.txt</string>
			<key>sourceTree</key>
			<string>&lt;group&gt;</string>
		</dict>
		<key>A4D0D2AB19DA2C76004F028B</key>
		<dict>
			<key>fileEncoding</key>
			<string>4</string>
			<key>isa</key>
			<string>PBXFileReference</string>
			<key>lastKnownFileType</key>
			<string>text</string>
			<key>name</key>
			<string>isc_summary.txt</string>
			<key>path</key>
			<string>isc_summary.txt</string>
			<key>sourceTree</key>
			<string>&lt;group&gt;</string>
		</dict>
		<key>A4D0D2AC19DA2C76004F028B</key>
		<dict>
			<key>fileEncoding</key>
			<string>4</string>
			<key>isa</key>
			<string>PBXFileReference</string>
			<key>lastKnownFileType</key>
			<string>text</string>
			<key>name</key>
			<string>lgpl_21_full.txt</string>
			<key>path</key>
			<string>lgpl_21_full.txt</string>
			<key>sourceTree</key>
			<string>&lt;group&gt;</string>
		</dict>
		<key>A4D0D2AD19DA2C76004F028B</key>
		<dict>
			<key>fileEncoding</key>
			<string>4</string>
			<key>isa</key>
			<string>PBXFileReference</string>
			<key>lastKnownFileType</key>
			<string>text</string>
			<key>name</key>
			<string>lgpl_21_summary.txt</string>
			<key>path</key>
			<string>lgpl_21_summary.txt</string>
			<key>sourceTree</key>
			<string>&lt;group&gt;</string>
		</dict>
		<key>A4D0D2AE19DA2C76004F028B</key>
		<dict>
			<key>fileEncoding</key>
			<string>4</string>
			<key>isa</key>
			<string>PBXFileReference</string>
			<key>lastKnownFileType</key>
			<string>text</string>
			<key>name</key>
			<string>mit_full.txt</string>
			<key>path</key>
			<string>mit_full.txt</string>
			<key>sourceTree</key>
			<string>&lt;group&gt;</string>
		</dict>
		<key>A4D0D2AF19DA2C76004F028B</key>
		<dict>
			<key>fileEncoding</key>
			<string>4</string>
			<key>isa</key>
			<string>PBXFileReference</string>
			<key>lastKnownFileType</key>
			<string>text</string>
			<key>name</key>
			<string>mit_summary.txt</string>
			<key>path</key>
			<string>mit_summary.txt</string>
			<key>sourceTree</key>
			<string>&lt;group&gt;</string>
		</dict>
		<key>A4D0D2B119DA2C76004F028B</key>
		<dict>
			<key>fileRef</key>
			<string>A4D0D2A019DA2C76004F028B</string>
			<key>isa</key>
			<string>PBXBuildFile</string>
		</dict>
		<key>A4D0D2B219DA2C76004F028B</key>
		<dict>
			<key>fileRef</key>
			<string>A4D0D2A119DA2C76004F028B</string>
			<key>isa</key>
			<string>PBXBuildFile</string>
		</dict>
		<key>A4D0D2B319DA2C76004F028B</key>
		<dict>
			<key>fileRef</key>
			<string>A4D0D2A219DA2C76004F028B</string>
			<key>isa</key>
			<string>PBXBuildFile</string>
		</dict>
		<key>A4D0D2B419DA2C76004F028B</key>
		<dict>
			<key>fileRef</key>
			<string>A4D0D2A319DA2C76004F028B</string>
			<key>isa</key>
			<string>PBXBuildFile</string>
		</dict>
		<key>A4D0D2B519DA2C76004F028B</key>
		<dict>
			<key>fileRef</key>
			<string>A4D0D2A419DA2C76004F028B</string>
			<key>isa</key>
			<string>PBXBuildFile</string>
		</dict>
		<key>A4D0D2B619DA2C76004F028B</key>
		<dict>
			<key>fileRef</key>
			<string>A4D0D2A519DA2C76004F028B</string>
			<key>isa</key>
			<string>PBXBuildFile</string>
		</dict>
		<key>A4D0D2B719DA2C76004F028B</key>
		<dict>
			<key>fileRef</key>
			<string>A4D0D2A619DA2C76004F028B</string>
			<key>isa</key>
			<string>PBXBuildFile</string>
		</dict>
		<key>A4D0D2B819DA2C76004F028B</key>
		<dict>
			<key>fileRef</key>
			<string>A4D0D2A719DA2C76004F028B</string>
			<key>isa</key>
			<string>PBXBuildFile</string>
		</dict>
		<key>A4D0D2B919DA2C76004F028B</key>
		<dict>
			<key>fileRef</key>
			<string>A4D0D2A819DA2C76004F028B</string>
			<key>isa</key>
			<string>PBXBuildFile</string>
		</dict>
		<key>A4D0D2BA19DA2C76004F028B</key>
		<dict>
			<key>fileRef</key>
			<string>A4D0D2A919DA2C76004F028B</string>
			<key>isa</key>
			<string>PBXBuildFile</string>
		</dict>
		<key>A4D0D2BB19DA2C76004F028B</key>
		<dict>
			<key>fileRef</key>
			<string>A4D0D2AA19DA2C76004F028B</string>
			<key>isa</key>
			<string>PBXBuildFile</string>
		</dict>
		<key>A4D0D2BC19DA2C76004F028B</key>
		<dict>
			<key>fileRef</key>
			<string>A4D0D2AB19DA2C76004F028B</string>
			<key>isa</key>
			<string>PBXBuildFile</string>
		</dict>
		<key>A4D0D2BD19DA2C76004F028B</key>
		<dict>
			<key>fileRef</key>
			<string>A4D0D2AC19DA2C76004F028B</string>
			<key>isa</key>
			<string>PBXBuildFile</string>
		</dict>
		<key>A4D0D2BE19DA2C76004F028B</key>
		<dict>
			<key>fileRef</key>
			<string>A4D0D2AD19DA2C76004F028B</string>
			<key>isa</key>
			<string>PBXBuildFile</string>
		</dict>
		<key>A4D0D2BF19DA2C76004F028B</key>
		<dict>
			<key>fileRef</key>
			<string>A4D0D2AE19DA2C76004F028B</string>
			<key>isa</key>
			<string>PBXBuildFile</string>
		</dict>
		<key>A4D0D2C019DA2C76004F028B</key>
		<dict>
			<key>fileRef</key>
			<string>A4D0D2AF19DA2C76004F028B</string>
			<key>isa</key>
			<string>PBXBuildFile</string>
		</dict>
		<key>A4D0D2C219DA32A4004F028B</key>
		<dict>
			<key>fileEncoding</key>
			<string>4</string>
			<key>isa</key>
			<string>PBXFileReference</string>
			<key>lastKnownFileType</key>
			<string>sourcecode.swift</string>
			<key>name</key>
			<string>ApacheSoftwareLicense20.swift</string>
			<key>path</key>
			<string>ApacheSoftwareLicense20.swift</string>
			<key>sourceTree</key>
			<string>&lt;group&gt;</string>
		</dict>
		<key>A4D0D2C319DA32A4004F028B</key>
		<dict>
			<key>fileRef</key>
			<string>A4D0D2C219DA32A4004F028B</string>
			<key>isa</key>
			<string>PBXBuildFile</string>
		</dict>
		<key>A4D0D2C419DA348F004F028B</key>
		<dict>
			<key>fileEncoding</key>
			<string>4</string>
			<key>isa</key>
			<string>PBXFileReference</string>
			<key>lastKnownFileType</key>
			<string>sourcecode.swift</string>
			<key>name</key>
			<string>BSD3ClauseLicense.swift</string>
			<key>path</key>
			<string>BSD3ClauseLicense.swift</string>
			<key>sourceTree</key>
			<string>&lt;group&gt;</string>
		</dict>
		<key>A4D0D2C519DA348F004F028B</key>
		<dict>
			<key>fileRef</key>
			<string>A4D0D2C419DA348F004F028B</string>
			<key>isa</key>
			<string>PBXBuildFile</string>
		</dict>
		<key>A4D0D2C619DA350E004F028B</key>
		<dict>
			<key>fileEncoding</key>
			<string>4</string>
			<key>isa</key>
			<string>PBXFileReference</string>
			<key>lastKnownFileType</key>
			<string>sourcecode.swift</string>
			<key>name</key>
			<string>CreativeCommonsAttributionNoDerivs30Unported.swift</string>
			<key>path</key>
			<string>CreativeCommonsAttributionNoDerivs30Unported.swift</string>
			<key>sourceTree</key>
			<string>&lt;group&gt;</string>
		</dict>
		<key>A4D0D2C719DA350E004F028B</key>
		<dict>
			<key>fileRef</key>
			<string>A4D0D2C619DA350E004F028B</string>
			<key>isa</key>
			<string>PBXBuildFile</string>
		</dict>
		<key>A4D0D2C819DA357A004F028B</key>
		<dict>
			<key>fileEncoding</key>
			<string>4</string>
			<key>isa</key>
			<string>PBXFileReference</string>
			<key>lastKnownFileType</key>
			<string>sourcecode.swift</string>
			<key>name</key>
			<string>GnuGeneralPublicLicense20.swift</string>
			<key>path</key>
			<string>GnuGeneralPublicLicense20.swift</string>
			<key>sourceTree</key>
			<string>&lt;group&gt;</string>
		</dict>
		<key>A4D0D2C919DA357A004F028B</key>
		<dict>
			<key>fileRef</key>
			<string>A4D0D2C819DA357A004F028B</string>
			<key>isa</key>
			<string>PBXBuildFile</string>
		</dict>
		<key>A4D0D2CA19DA35DB004F028B</key>
		<dict>
			<key>fileEncoding</key>
			<string>4</string>
			<key>isa</key>
			<string>PBXFileReference</string>
			<key>lastKnownFileType</key>
			<string>sourcecode.swift</string>
			<key>name</key>
			<string>GnuGeneralPublicLicense30.swift</string>
			<key>path</key>
			<string>GnuGeneralPublicLicense30.swift</string>
			<key>sourceTree</key>
			<string>&lt;group&gt;</string>
		</dict>
		<key>A4D0D2CB19DA35DB004F028B</key>
		<dict>
			<key>fileRef</key>
			<string>A4D0D2CA19DA35DB004F028B</string>
			<key>isa</key>
			<string>PBXBuildFile</string>
		</dict>
		<key>A4D0D2CC19DA362F004F028B</key>
		<dict>
			<key>fileEncoding</key>
			<string>4</string>
			<key>isa</key>
			<string>PBXFileReference</string>
			<key>lastKnownFileType</key>
			<string>sourcecode.swift</string>
			<key>name</key>
			<string>GnuLesserGeneralPublicLicense21.swift</string>
			<key>path</key>
			<string>GnuLesserGeneralPublicLicense21.swift</string>
			<key>sourceTree</key>
			<string>&lt;group&gt;</string>
		</dict>
		<key>A4D0D2CD19DA362F004F028B</key>
		<dict>
			<key>fileRef</key>
			<string>A4D0D2CC19DA362F004F028B</string>
			<key>isa</key>
			<string>PBXBuildFile</string>
		</dict>
		<key>A4D0D2CE19DA36AD004F028B</key>
		<dict>
			<key>fileEncoding</key>
			<string>4</string>
			<key>isa</key>
			<string>PBXFileReference</string>
			<key>lastKnownFileType</key>
			<string>sourcecode.swift</string>
			<key>name</key>
			<string>ISCLicense.swift</string>
			<key>path</key>
			<string>ISCLicense.swift</string>
			<key>sourceTree</key>
			<string>&lt;group&gt;</string>
		</dict>
		<key>A4D0D2CF19DA36AD004F028B</key>
		<dict>
			<key>fileRef</key>
			<string>A4D0D2CE19DA36AD004F028B</string>
			<key>isa</key>
			<string>PBXBuildFile</string>
		</dict>
		<key>A4D0D2D019DA3718004F028B</key>
		<dict>
			<key>fileEncoding</key>
			<string>4</string>
			<key>isa</key>
			<string>PBXFileReference</string>
			<key>lastKnownFileType</key>
			<string>sourcecode.swift</string>
			<key>name</key>
			<string>MITLicense.swift</string>
			<key>path</key>
			<string>MITLicense.swift</string>
			<key>sourceTree</key>
			<string>&lt;group&gt;</string>
		</dict>
		<key>A4D0D2D119DA3718004F028B</key>
		<dict>
			<key>fileRef</key>
			<string>A4D0D2D019DA3718004F028B</string>
			<key>isa</key>
			<string>PBXBuildFile</string>
		</dict>
		<key>A4D0D2D219DA39D8004F028B</key>
		<dict>
			<key>fileEncoding</key>
			<string>4</string>
			<key>isa</key>
			<string>PBXFileReference</string>
			<key>lastKnownFileType</key>
			<string>sourcecode.swift</string>
			<key>path</key>
			<string>NoticesHtmlBuilder.swift</string>
			<key>sourceTree</key>
			<string>&lt;group&gt;</string>
		</dict>
		<key>A4D0D2D319DA39D8004F028B</key>
		<dict>
			<key>fileRef</key>
			<string>A4D0D2D219DA39D8004F028B</string>
			<key>isa</key>
			<string>PBXBuildFile</string>
		</dict>
	</dict>
	<key>rootObject</key>
	<string>A4D0D25519DA22AC004F028B</string>
</dict>
</plist>
