// !$*UTF8*$!
{
	archiveVersion = 1;
	classes = {
	};
	objectVersion = 46;
	objects = {

/* Begin PBXBuildFile section */
		0A566FF0FF0B077523DA5703 /* Pods_LicensesKitSample_Swift.framework in Frameworks */ = {isa = PBXBuildFile; fileRef = 513038B7D81873D96F1A4E1E /* Pods_LicensesKitSample_Swift.framework */; settings = {ATTRIBUTES = (Weak, ); }; };
		A4A3AE6F19EC803400FF5CBD /* AppDelegate.swift in Sources */ = {isa = PBXBuildFile; fileRef = A4A3AE6E19EC803400FF5CBD /* AppDelegate.swift */; };
		A4A3AE7119EC803400FF5CBD /* ViewController.swift in Sources */ = {isa = PBXBuildFile; fileRef = A4A3AE7019EC803400FF5CBD /* ViewController.swift */; };
		A4A3AE7419EC803400FF5CBD /* Main.storyboard in Resources */ = {isa = PBXBuildFile; fileRef = A4A3AE7219EC803400FF5CBD /* Main.storyboard */; };
		A4A3AE7619EC803400FF5CBD /* Images.xcassets in Resources */ = {isa = PBXBuildFile; fileRef = A4A3AE7519EC803400FF5CBD /* Images.xcassets */; };
		A4A3AE7919EC803400FF5CBD /* LaunchScreen.xib in Resources */ = {isa = PBXBuildFile; fileRef = A4A3AE7719EC803400FF5CBD /* LaunchScreen.xib */; };
		A4A3AE8519EC803400FF5CBD /* LicensesKitSample_SwiftTests.swift in Sources */ = {isa = PBXBuildFile; fileRef = A4A3AE8419EC803400FF5CBD /* LicensesKitSample_SwiftTests.swift */; };
		A4A3AE9B19EC860000FF5CBD /* Notices.json in Resources */ = {isa = PBXBuildFile; fileRef = A4A3AE9919EC860000FF5CBD /* Notices.json */; };
/* End PBXBuildFile section */

/* Begin PBXContainerItemProxy section */
		A4A3AE7F19EC803400FF5CBD /* PBXContainerItemProxy */ = {
			isa = PBXContainerItemProxy;
			containerPortal = A4A3AE6119EC803400FF5CBD /* Project object */;
			proxyType = 1;
			remoteGlobalIDString = A4A3AE6819EC803400FF5CBD;
			remoteInfo = "LicensesKitSample-Swift";
		};
/* End PBXContainerItemProxy section */

/* Begin PBXCopyFilesBuildPhase section */
		A4ADD2A41A82E2E3009685EC /* Embed Frameworks */ = {
			isa = PBXCopyFilesBuildPhase;
			buildActionMask = 2147483647;
			dstPath = "";
			dstSubfolderSpec = 10;
			files = (
			);
			name = "Embed Frameworks";
			runOnlyForDeploymentPostprocessing = 0;
		};
/* End PBXCopyFilesBuildPhase section */

/* Begin PBXFileReference section */
		513038B7D81873D96F1A4E1E /* Pods_LicensesKitSample_Swift.framework */ = {isa = PBXFileReference; explicitFileType = wrapper.framework; includeInIndex = 0; path = Pods_LicensesKitSample_Swift.framework; sourceTree = BUILT_PRODUCTS_DIR; };
		A38A70C6320BA7E0D658ACBD /* Pods-LicensesKitSample-Swift.debug.xcconfig */ = {isa = PBXFileReference; includeInIndex = 1; lastKnownFileType = text.xcconfig; name = "Pods-LicensesKitSample-Swift.debug.xcconfig"; path = "Pods/Target Support Files/Pods-LicensesKitSample-Swift/Pods-LicensesKitSample-Swift.debug.xcconfig"; sourceTree = "<group>"; };
		A4A3AE6919EC803400FF5CBD /* LicensesKitSample-Swift.app */ = {isa = PBXFileReference; explicitFileType = wrapper.application; includeInIndex = 0; path = "LicensesKitSample-Swift.app"; sourceTree = BUILT_PRODUCTS_DIR; };
		A4A3AE6D19EC803400FF5CBD /* Info.plist */ = {isa = PBXFileReference; lastKnownFileType = text.plist.xml; path = Info.plist; sourceTree = "<group>"; };
		A4A3AE6E19EC803400FF5CBD /* AppDelegate.swift */ = {isa = PBXFileReference; lastKnownFileType = sourcecode.swift; path = AppDelegate.swift; sourceTree = "<group>"; };
		A4A3AE7019EC803400FF5CBD /* ViewController.swift */ = {isa = PBXFileReference; lastKnownFileType = sourcecode.swift; path = ViewController.swift; sourceTree = "<group>"; };
		A4A3AE7319EC803400FF5CBD /* Base */ = {isa = PBXFileReference; lastKnownFileType = file.storyboard; name = Base; path = Base.lproj/Main.storyboard; sourceTree = "<group>"; };
		A4A3AE7519EC803400FF5CBD /* Images.xcassets */ = {isa = PBXFileReference; lastKnownFileType = folder.assetcatalog; path = Images.xcassets; sourceTree = "<group>"; };
		A4A3AE7819EC803400FF5CBD /* Base */ = {isa = PBXFileReference; lastKnownFileType = file.xib; name = Base; path = Base.lproj/LaunchScreen.xib; sourceTree = "<group>"; };
		A4A3AE7E19EC803400FF5CBD /* LicensesKitSample-SwiftTests.xctest */ = {isa = PBXFileReference; explicitFileType = wrapper.cfbundle; includeInIndex = 0; path = "LicensesKitSample-SwiftTests.xctest"; sourceTree = BUILT_PRODUCTS_DIR; };
		A4A3AE8319EC803400FF5CBD /* Info.plist */ = {isa = PBXFileReference; lastKnownFileType = text.plist.xml; path = Info.plist; sourceTree = "<group>"; };
		A4A3AE8419EC803400FF5CBD /* LicensesKitSample_SwiftTests.swift */ = {isa = PBXFileReference; lastKnownFileType = sourcecode.swift; path = LicensesKitSample_SwiftTests.swift; sourceTree = "<group>"; };
		A4A3AE9919EC860000FF5CBD /* Notices.json */ = {isa = PBXFileReference; fileEncoding = 4; lastKnownFileType = text.json; path = Notices.json; sourceTree = "<group>"; };
		E3A9FB3BD1062661AC97A149 /* Pods-LicensesKitSample-Swift.release.xcconfig */ = {isa = PBXFileReference; includeInIndex = 1; lastKnownFileType = text.xcconfig; name = "Pods-LicensesKitSample-Swift.release.xcconfig"; path = "Pods/Target Support Files/Pods-LicensesKitSample-Swift/Pods-LicensesKitSample-Swift.release.xcconfig"; sourceTree = "<group>"; };
/* End PBXFileReference section */

/* Begin PBXFrameworksBuildPhase section */
		A4A3AE6619EC803400FF5CBD /* Frameworks */ = {
			isa = PBXFrameworksBuildPhase;
			buildActionMask = 2147483647;
			files = (
				0A566FF0FF0B077523DA5703 /* Pods_LicensesKitSample_Swift.framework in Frameworks */,
			);
			runOnlyForDeploymentPostprocessing = 0;
		};
		A4A3AE7B19EC803400FF5CBD /* Frameworks */ = {
			isa = PBXFrameworksBuildPhase;
			buildActionMask = 2147483647;
			files = (
			);
			runOnlyForDeploymentPostprocessing = 0;
		};
/* End PBXFrameworksBuildPhase section */

/* Begin PBXGroup section */
		6B7C3B4EC89AF1E02C0640F1 /* Frameworks */ = {
			isa = PBXGroup;
			children = (
				513038B7D81873D96F1A4E1E /* Pods_LicensesKitSample_Swift.framework */,
			);
			name = Frameworks;
			sourceTree = "<group>";
		};
		A4A3AE6019EC803400FF5CBD = {
			isa = PBXGroup;
			children = (
				A4A3AE6B19EC803400FF5CBD /* LicensesKitSample-Swift */,
				A4A3AE8119EC803400FF5CBD /* LicensesKitSample-SwiftTests */,
				A4A3AE6A19EC803400FF5CBD /* Products */,
				DB9622F64613B3AEA89B1774 /* Pods */,
				6B7C3B4EC89AF1E02C0640F1 /* Frameworks */,
			);
			sourceTree = "<group>";
		};
		A4A3AE6A19EC803400FF5CBD /* Products */ = {
			isa = PBXGroup;
			children = (
				A4A3AE6919EC803400FF5CBD /* LicensesKitSample-Swift.app */,
				A4A3AE7E19EC803400FF5CBD /* LicensesKitSample-SwiftTests.xctest */,
			);
			name = Products;
			sourceTree = "<group>";
		};
		A4A3AE6B19EC803400FF5CBD /* LicensesKitSample-Swift */ = {
			isa = PBXGroup;
			children = (
				A4A3AE6E19EC803400FF5CBD /* AppDelegate.swift */,
				A4A3AE7019EC803400FF5CBD /* ViewController.swift */,
				A4A3AE7219EC803400FF5CBD /* Main.storyboard */,
				A4A3AE7519EC803400FF5CBD /* Images.xcassets */,
				A4A3AE7719EC803400FF5CBD /* LaunchScreen.xib */,
				A4A3AE6C19EC803400FF5CBD /* Supporting Files */,
			);
			path = "LicensesKitSample-Swift";
			sourceTree = "<group>";
		};
		A4A3AE6C19EC803400FF5CBD /* Supporting Files */ = {
			isa = PBXGroup;
			children = (
				A4A3AE6D19EC803400FF5CBD /* Info.plist */,
				A4A3AE9919EC860000FF5CBD /* Notices.json */,
			);
			name = "Supporting Files";
			sourceTree = "<group>";
		};
		A4A3AE8119EC803400FF5CBD /* LicensesKitSample-SwiftTests */ = {
			isa = PBXGroup;
			children = (
				A4A3AE8419EC803400FF5CBD /* LicensesKitSample_SwiftTests.swift */,
				A4A3AE8219EC803400FF5CBD /* Supporting Files */,
			);
			path = "LicensesKitSample-SwiftTests";
			sourceTree = "<group>";
		};
		A4A3AE8219EC803400FF5CBD /* Supporting Files */ = {
			isa = PBXGroup;
			children = (
				A4A3AE8319EC803400FF5CBD /* Info.plist */,
			);
			name = "Supporting Files";
			sourceTree = "<group>";
		};
		DB9622F64613B3AEA89B1774 /* Pods */ = {
			isa = PBXGroup;
			children = (
				A38A70C6320BA7E0D658ACBD /* Pods-LicensesKitSample-Swift.debug.xcconfig */,
				E3A9FB3BD1062661AC97A149 /* Pods-LicensesKitSample-Swift.release.xcconfig */,
			);
			name = Pods;
			sourceTree = "<group>";
		};
/* End PBXGroup section */

/* Begin PBXNativeTarget section */
		A4A3AE6819EC803400FF5CBD /* LicensesKitSample-Swift */ = {
			isa = PBXNativeTarget;
			buildConfigurationList = A4A3AE8819EC803400FF5CBD /* Build configuration list for PBXNativeTarget "LicensesKitSample-Swift" */;
			buildPhases = (
				24002206803EECBA677C24FD /* Check Pods Manifest.lock */,
				A4A3AE6519EC803400FF5CBD /* Sources */,
				A4A3AE6619EC803400FF5CBD /* Frameworks */,
				A4A3AE6719EC803400FF5CBD /* Resources */,
				A4ADD2A41A82E2E3009685EC /* Embed Frameworks */,
				90B40FB3998B088258B0B57F /* Embed Pods Frameworks */,
				534CE954FF7CB93F37F7448C /* Copy Pods Resources */,
			);
			buildRules = (
			);
			dependencies = (
			);
			name = "LicensesKitSample-Swift";
			productName = "LicensesKitSample-Swift";
			productReference = A4A3AE6919EC803400FF5CBD /* LicensesKitSample-Swift.app */;
			productType = "com.apple.product-type.application";
		};
		A4A3AE7D19EC803400FF5CBD /* LicensesKitSample-SwiftTests */ = {
			isa = PBXNativeTarget;
			buildConfigurationList = A4A3AE8B19EC803400FF5CBD /* Build configuration list for PBXNativeTarget "LicensesKitSample-SwiftTests" */;
			buildPhases = (
				A4A3AE7A19EC803400FF5CBD /* Sources */,
				A4A3AE7B19EC803400FF5CBD /* Frameworks */,
				A4A3AE7C19EC803400FF5CBD /* Resources */,
			);
			buildRules = (
			);
			dependencies = (
				A4A3AE8019EC803400FF5CBD /* PBXTargetDependency */,
			);
			name = "LicensesKitSample-SwiftTests";
			productName = "LicensesKitSample-SwiftTests";
			productReference = A4A3AE7E19EC803400FF5CBD /* LicensesKitSample-SwiftTests.xctest */;
			productType = "com.apple.product-type.bundle.unit-test";
		};
/* End PBXNativeTarget section */

/* Begin PBXProject section */
		A4A3AE6119EC803400FF5CBD /* Project object */ = {
			isa = PBXProject;
			attributes = {
				LastSwiftUpdateCheck = 0730;
				LastUpgradeCheck = 0600;
				ORGANIZATIONNAME = "Matthew Wyskiel";
				TargetAttributes = {
					A4A3AE6819EC803400FF5CBD = {
						CreatedOnToolsVersion = 6.0.1;
					};
					A4A3AE7D19EC803400FF5CBD = {
						CreatedOnToolsVersion = 6.0.1;
						TestTargetID = A4A3AE6819EC803400FF5CBD;
					};
				};
			};
			buildConfigurationList = A4A3AE6419EC803400FF5CBD /* Build configuration list for PBXProject "LicensesKitSample" */;
			compatibilityVersion = "Xcode 3.2";
			developmentRegion = English;
			hasScannedForEncodings = 0;
			knownRegions = (
				en,
				Base,
			);
			mainGroup = A4A3AE6019EC803400FF5CBD;
			productRefGroup = A4A3AE6A19EC803400FF5CBD /* Products */;
			projectDirPath = "";
			projectRoot = "";
			targets = (
				A4A3AE6819EC803400FF5CBD /* LicensesKitSample-Swift */,
				A4A3AE7D19EC803400FF5CBD /* LicensesKitSample-SwiftTests */,
			);
		};
/* End PBXProject section */

/* Begin PBXResourcesBuildPhase section */
		A4A3AE6719EC803400FF5CBD /* Resources */ = {
			isa = PBXResourcesBuildPhase;
			buildActionMask = 2147483647;
			files = (
				A4A3AE7419EC803400FF5CBD /* Main.storyboard in Resources */,
				A4A3AE9B19EC860000FF5CBD /* Notices.json in Resources */,
				A4A3AE7919EC803400FF5CBD /* LaunchScreen.xib in Resources */,
				A4A3AE7619EC803400FF5CBD /* Images.xcassets in Resources */,
			);
			runOnlyForDeploymentPostprocessing = 0;
		};
		A4A3AE7C19EC803400FF5CBD /* Resources */ = {
			isa = PBXResourcesBuildPhase;
			buildActionMask = 2147483647;
			files = (
			);
			runOnlyForDeploymentPostprocessing = 0;
		};
/* End PBXResourcesBuildPhase section */

/* Begin PBXShellScriptBuildPhase section */
		24002206803EECBA677C24FD /* Check Pods Manifest.lock */ = {
			isa = PBXShellScriptBuildPhase;
			buildActionMask = 2147483647;
			files = (
			);
			inputPaths = (
			);
			name = "Check Pods Manifest.lock";
			outputPaths = (
			);
			runOnlyForDeploymentPostprocessing = 0;
			shellPath = /bin/sh;
			shellScript = "diff \"${PODS_ROOT}/../Podfile.lock\" \"${PODS_ROOT}/Manifest.lock\" > /dev/null\nif [[ $? != 0 ]] ; then\n    cat << EOM\nerror: The sandbox is not in sync with the Podfile.lock. Run 'pod install' or update your CocoaPods installation.\nEOM\n    exit 1\nfi\n";
			showEnvVarsInLog = 0;
		};
		534CE954FF7CB93F37F7448C /* Copy Pods Resources */ = {
			isa = PBXShellScriptBuildPhase;
			buildActionMask = 2147483647;
			files = (
			);
			inputPaths = (
			);
			name = "Copy Pods Resources";
			outputPaths = (
			);
			runOnlyForDeploymentPostprocessing = 0;
			shellPath = /bin/sh;
			shellScript = "\"${SRCROOT}/Pods/Target Support Files/Pods-LicensesKitSample-Swift/Pods-LicensesKitSample-Swift-resources.sh\"\n";
			showEnvVarsInLog = 0;
		};
		90B40FB3998B088258B0B57F /* Embed Pods Frameworks */ = {
			isa = PBXShellScriptBuildPhase;
			buildActionMask = 2147483647;
			files = (
			);
			inputPaths = (
			);
			name = "Embed Pods Frameworks";
			outputPaths = (
			);
			runOnlyForDeploymentPostprocessing = 0;
			shellPath = /bin/sh;
			shellScript = "\"${SRCROOT}/Pods/Target Support Files/Pods-LicensesKitSample-Swift/Pods-LicensesKitSample-Swift-frameworks.sh\"\n";
			showEnvVarsInLog = 0;
		};
/* End PBXShellScriptBuildPhase section */

/* Begin PBXSourcesBuildPhase section */
		A4A3AE6519EC803400FF5CBD /* Sources */ = {
			isa = PBXSourcesBuildPhase;
			buildActionMask = 2147483647;
			files = (
				A4A3AE7119EC803400FF5CBD /* ViewController.swift in Sources */,
				A4A3AE6F19EC803400FF5CBD /* AppDelegate.swift in Sources */,
			);
			runOnlyForDeploymentPostprocessing = 0;
		};
		A4A3AE7A19EC803400FF5CBD /* Sources */ = {
			isa = PBXSourcesBuildPhase;
			buildActionMask = 2147483647;
			files = (
				A4A3AE8519EC803400FF5CBD /* LicensesKitSample_SwiftTests.swift in Sources */,
			);
			runOnlyForDeploymentPostprocessing = 0;
		};
/* End PBXSourcesBuildPhase section */

/* Begin PBXTargetDependency section */
		A4A3AE8019EC803400FF5CBD /* PBXTargetDependency */ = {
			isa = PBXTargetDependency;
			target = A4A3AE6819EC803400FF5CBD /* LicensesKitSample-Swift */;
			targetProxy = A4A3AE7F19EC803400FF5CBD /* PBXContainerItemProxy */;
		};
/* End PBXTargetDependency section */

/* Begin PBXVariantGroup section */
		A4A3AE7219EC803400FF5CBD /* Main.storyboard */ = {
			isa = PBXVariantGroup;
			children = (
				A4A3AE7319EC803400FF5CBD /* Base */,
			);
			name = Main.storyboard;
			sourceTree = "<group>";
		};
		A4A3AE7719EC803400FF5CBD /* LaunchScreen.xib */ = {
			isa = PBXVariantGroup;
			children = (
				A4A3AE7819EC803400FF5CBD /* Base */,
			);
			name = LaunchScreen.xib;
			sourceTree = "<group>";
		};
/* End PBXVariantGroup section */

/* Begin XCBuildConfiguration section */
		A4A3AE8619EC803400FF5CBD /* Debug */ = {
			isa = XCBuildConfiguration;
			buildSettings = {
				ALWAYS_SEARCH_USER_PATHS = NO;
				CLANG_CXX_LANGUAGE_STANDARD = "gnu++0x";
				CLANG_CXX_LIBRARY = "libc++";
				CLANG_ENABLE_MODULES = YES;
				CLANG_ENABLE_OBJC_ARC = YES;
				CLANG_WARN_BOOL_CONVERSION = YES;
				CLANG_WARN_CONSTANT_CONVERSION = YES;
				CLANG_WARN_DIRECT_OBJC_ISA_USAGE = YES_ERROR;
				CLANG_WARN_EMPTY_BODY = YES;
				CLANG_WARN_ENUM_CONVERSION = YES;
				CLANG_WARN_INT_CONVERSION = YES;
				CLANG_WARN_OBJC_ROOT_CLASS = YES_ERROR;
				CLANG_WARN_UNREACHABLE_CODE = YES;
				CLANG_WARN__DUPLICATE_METHOD_MATCH = YES;
				"CODE_SIGN_IDENTITY[sdk=iphoneos*]" = "iPhone Developer";
				COPY_PHASE_STRIP = NO;
				ENABLE_STRICT_OBJC_MSGSEND = YES;
				GCC_C_LANGUAGE_STANDARD = gnu99;
				GCC_DYNAMIC_NO_PIC = NO;
				GCC_OPTIMIZATION_LEVEL = 0;
				GCC_PREPROCESSOR_DEFINITIONS = (
					"DEBUG=1",
					"$(inherited)",
				);
				GCC_SYMBOLS_PRIVATE_EXTERN = NO;
				GCC_WARN_64_TO_32_BIT_CONVERSION = YES;
				GCC_WARN_ABOUT_RETURN_TYPE = YES_ERROR;
				GCC_WARN_UNDECLARED_SELECTOR = YES;
				GCC_WARN_UNINITIALIZED_AUTOS = YES_AGGRESSIVE;
				GCC_WARN_UNUSED_FUNCTION = YES;
				GCC_WARN_UNUSED_VARIABLE = YES;
				IPHONEOS_DEPLOYMENT_TARGET = 8.0;
				MTL_ENABLE_DEBUG_INFO = YES;
				ONLY_ACTIVE_ARCH = YES;
				SDKROOT = iphoneos;
				SWIFT_OPTIMIZATION_LEVEL = "-Onone";
			};
			name = Debug;
		};
		A4A3AE8719EC803400FF5CBD /* Release */ = {
			isa = XCBuildConfiguration;
			buildSettings = {
				ALWAYS_SEARCH_USER_PATHS = NO;
				CLANG_CXX_LANGUAGE_STANDARD = "gnu++0x";
				CLANG_CXX_LIBRARY = "libc++";
				CLANG_ENABLE_MODULES = YES;
				CLANG_ENABLE_OBJC_ARC = YES;
				CLANG_WARN_BOOL_CONVERSION = YES;
				CLANG_WARN_CONSTANT_CONVERSION = YES;
				CLANG_WARN_DIRECT_OBJC_ISA_USAGE = YES_ERROR;
				CLANG_WARN_EMPTY_BODY = YES;
				CLANG_WARN_ENUM_CONVERSION = YES;
				CLANG_WARN_INT_CONVERSION = YES;
				CLANG_WARN_OBJC_ROOT_CLASS = YES_ERROR;
				CLANG_WARN_UNREACHABLE_CODE = YES;
				CLANG_WARN__DUPLICATE_METHOD_MATCH = YES;
				"CODE_SIGN_IDENTITY[sdk=iphoneos*]" = "iPhone Developer";
				COPY_PHASE_STRIP = YES;
				ENABLE_NS_ASSERTIONS = NO;
				ENABLE_STRICT_OBJC_MSGSEND = YES;
				GCC_C_LANGUAGE_STANDARD = gnu99;
				GCC_WARN_64_TO_32_BIT_CONVERSION = YES;
				GCC_WARN_ABOUT_RETURN_TYPE = YES_ERROR;
				GCC_WARN_UNDECLARED_SELECTOR = YES;
				GCC_WARN_UNINITIALIZED_AUTOS = YES_AGGRESSIVE;
				GCC_WARN_UNUSED_FUNCTION = YES;
				GCC_WARN_UNUSED_VARIABLE = YES;
				IPHONEOS_DEPLOYMENT_TARGET = 8.0;
				MTL_ENABLE_DEBUG_INFO = NO;
				SDKROOT = iphoneos;
				VALIDATE_PRODUCT = YES;
			};
			name = Release;
		};
		A4A3AE8919EC803400FF5CBD /* Debug */ = {
			isa = XCBuildConfiguration;
			baseConfigurationReference = A38A70C6320BA7E0D658ACBD /* Pods-LicensesKitSample-Swift.debug.xcconfig */;
			buildSettings = {
				ASSETCATALOG_COMPILER_APPICON_NAME = AppIcon;
				EMBEDDED_CONTENT_CONTAINS_SWIFT = YES;
				FRAMEWORK_SEARCH_PATHS = "$(inherited)";
				INFOPLIST_FILE = "LicensesKitSample-Swift/Info.plist";
				LD_RUNPATH_SEARCH_PATHS = "$(inherited) @executable_path/Frameworks";
				PRODUCT_NAME = "$(TARGET_NAME)";
			};
			name = Debug;
		};
		A4A3AE8A19EC803400FF5CBD /* Release */ = {
			isa = XCBuildConfiguration;
			baseConfigurationReference = E3A9FB3BD1062661AC97A149 /* Pods-LicensesKitSample-Swift.release.xcconfig */;
			buildSettings = {
				ASSETCATALOG_COMPILER_APPICON_NAME = AppIcon;
				EMBEDDED_CONTENT_CONTAINS_SWIFT = YES;
				FRAMEWORK_SEARCH_PATHS = "$(inherited)";
				INFOPLIST_FILE = "LicensesKitSample-Swift/Info.plist";
				LD_RUNPATH_SEARCH_PATHS = "$(inherited) @executable_path/Frameworks";
				PRODUCT_NAME = "$(TARGET_NAME)";
			};
			name = Release;
		};
		A4A3AE8C19EC803400FF5CBD /* Debug */ = {
			isa = XCBuildConfiguration;
			buildSettings = {
				BUNDLE_LOADER = "$(TEST_HOST)";
				FRAMEWORK_SEARCH_PATHS = (
					"$(SDKROOT)/Developer/Library/Frameworks",
					"$(inherited)",
				);
				GCC_PREPROCESSOR_DEFINITIONS = (
					"DEBUG=1",
					"$(inherited)",
				);
				INFOPLIST_FILE = "LicensesKitSample-SwiftTests/Info.plist";
				LD_RUNPATH_SEARCH_PATHS = "$(inherited) @executable_path/Frameworks @loader_path/Frameworks";
				PRODUCT_NAME = "$(TARGET_NAME)";
				TEST_HOST = "$(BUILT_PRODUCTS_DIR)/LicensesKitSample-Swift.app/LicensesKitSample-Swift";
			};
			name = Debug;
		};
		A4A3AE8D19EC803400FF5CBD /* Release */ = {
			isa = XCBuildConfiguration;
			buildSettings = {
				BUNDLE_LOADER = "$(TEST_HOST)";
				FRAMEWORK_SEARCH_PATHS = (
					"$(SDKROOT)/Developer/Library/Frameworks",
					"$(inherited)",
				);
				INFOPLIST_FILE = "LicensesKitSample-SwiftTests/Info.plist";
				LD_RUNPATH_SEARCH_PATHS = "$(inherited) @executable_path/Frameworks @loader_path/Frameworks";
				PRODUCT_NAME = "$(TARGET_NAME)";
				TEST_HOST = "$(BUILT_PRODUCTS_DIR)/LicensesKitSample-Swift.app/LicensesKitSample-Swift";
			};
			name = Release;
		};
/* End XCBuildConfiguration section */

/* Begin XCConfigurationList section */
		A4A3AE6419EC803400FF5CBD /* Build configuration list for PBXProject "LicensesKitSample" */ = {
			isa = XCConfigurationList;
			buildConfigurations = (
				A4A3AE8619EC803400FF5CBD /* Debug */,
				A4A3AE8719EC803400FF5CBD /* Release */,
			);
			defaultConfigurationIsVisible = 0;
			defaultConfigurationName = Release;
		};
		A4A3AE8819EC803400FF5CBD /* Build configuration list for PBXNativeTarget "LicensesKitSample-Swift" */ = {
			isa = XCConfigurationList;
			buildConfigurations = (
				A4A3AE8919EC803400FF5CBD /* Debug */,
				A4A3AE8A19EC803400FF5CBD /* Release */,
			);
			defaultConfigurationIsVisible = 0;
			defaultConfigurationName = Release;
		};
		A4A3AE8B19EC803400FF5CBD /* Build configuration list for PBXNativeTarget "LicensesKitSample-SwiftTests" */ = {
			isa = XCConfigurationList;
			buildConfigurations = (
				A4A3AE8C19EC803400FF5CBD /* Debug */,
				A4A3AE8D19EC803400FF5CBD /* Release */,
			);
			defaultConfigurationIsVisible = 0;
			defaultConfigurationName = Release;
		};
/* End XCConfigurationList section */
	};
	rootObject = A4A3AE6119EC803400FF5CBD /* Project object */;
}
